// !$*UTF8*$!
{
	archiveVersion = 1;
	classes = {
	};
	objectVersion = 45;
	objects = {

/* Begin PBXBuildFile section */
		53377F7716C72356047D36B5 /* CameraRelative.cpp in Sources */ = {isa = PBXBuildFile; fileRef = 50A90DAA147C5C625B2763E1 /* CameraRelative.cpp */; };
		037450F73DF349E906A9744C /* libframeworkD.a in Frameworks */ = {isa = PBXBuildFile; fileRef = 7D6845C31D9348A4487445BF /* libframeworkD.a */; };
/* End PBXBuildFile section */

/* Begin PBXContainerItemProxy section */
		510065B437952A1C32630BE8 /* PBXContainerItemProxy */ = {
			isa = PBXContainerItemProxy;
			containerPortal = 07BB34AA26796E6472FE4320 /* framework.xcodeproj */;
			proxyType = 2;
			remoteGlobalIDString = 225B3CC936837713028E539B;
			remoteInfo = "libframeworkD.a";
		};
		66C724811C0D1C3156686DB8 /* PBXContainerItemProxy */ = {
			isa = PBXContainerItemProxy;
			containerPortal = 07BB34AA26796E6472FE4320 /* framework.xcodeproj */;
			proxyType = 1;
			remoteGlobalIDString = 78AF4B3262FD74AB44764885;
			remoteInfo = "libframeworkD.a";
		};
/* End PBXContainerItemProxy section */

/* Begin PBXFileReference section */
		50A90DAA147C5C625B2763E1 /* CameraRelative.cpp */ = {isa = PBXFileReference; lastKnownFileType = sourcecode.cpp.cpp; name = "CameraRelative.cpp"; path = "CameraRelative.cpp"; sourceTree = "<group>"; };
		6D1C52D5465703D731436136 /* ColorMultUniform.frag */ = {isa = PBXFileReference; lastKnownFileType = text; name = "ColorMultUniform.frag"; path = "ColorMultUniform.frag"; sourceTree = "<group>"; };
		5180461E72F9775247A47C7F /* PosColorLocalTransform.vert */ = {isa = PBXFileReference; lastKnownFileType = text; name = "PosColorLocalTransform.vert"; path = "PosColorLocalTransform.vert"; sourceTree = "<group>"; };
		63AA47B804C87AC51F681CE6 /* Tut 08 Camera RelativeD */ = {isa = PBXFileReference; explicitFileType = "compiled.mach-o.executable"; includeInIndex = 0; name = "Tut 08 Camera RelativeD"; path = "Tut 08 Camera RelativeD"; sourceTree = BUILT_PRODUCTS_DIR; };
		07BB34AA26796E6472FE4320 /* framework.xcodeproj */ = {isa = PBXFileReference; lastKnownFileType = "wrapper.pb-project"; name = "framework.xcodeproj"; path = "../framework/framework.xcodeproj"; sourceTree = SOURCE_ROOT; };
/* End PBXFileReference section */

/* Begin PBXFrameworksBuildPhase section */
		1E754509588137C255636BBE /* Frameworks */ = {
			isa = PBXFrameworksBuildPhase;
			buildActionMask = 2147483647;
			files = (
				037450F73DF349E906A9744C /* libframeworkD.a in Frameworks */,
			);
			runOnlyForDeploymentPostprocessing = 0;
		};
/* End PBXFrameworksBuildPhase section */

/* Begin PBXGroup section */
		61D64B52301824392A1E37FD /* Tut 08 Camera Relative */ = {
			isa = PBXGroup;
			children = (
				50A90DAA147C5C625B2763E1 /* CameraRelative.cpp */,
				3ED0567007021B4F79CE4756 /* data */,
				7C07446163DD4EC115E065A8 /* Products */,
				1EF246D304FC71FC6CA97E9F /* Projects */,
			);
			name = "Tut 08 Camera Relative";
			sourceTree = "<group>";
		};
		3ED0567007021B4F79CE4756 /* data */ = {
			isa = PBXGroup;
			children = (
				6D1C52D5465703D731436136 /* ColorMultUniform.frag */,
				5180461E72F9775247A47C7F /* PosColorLocalTransform.vert */,
			);
			name = "data";
			path = data;
			sourceTree = "<group>";
		};
		7C07446163DD4EC115E065A8 /* Products */ = {
			isa = PBXGroup;
			children = (
				63AA47B804C87AC51F681CE6 /* Tut 08 Camera RelativeD */,
			);
			name = "Products";
			sourceTree = "<group>";
		};
		1EF246D304FC71FC6CA97E9F /* Projects */ = {
			isa = PBXGroup;
			children = (
				07BB34AA26796E6472FE4320 /* framework.xcodeproj */,
			);
			name = "Projects";
			sourceTree = "<group>";
		};
		18B27CD453AF28F923580932 /* Products */ = {
			isa = PBXGroup;
			children = (
				7D6845C31D9348A4487445BF /* libframeworkD.a */,
			);
			name = Products;
			sourceTree = "<group>";
		};
/* End PBXGroup section */

/* Begin PBXNativeTarget section */
		70C12BB327E826F26273741F /* Tut 08 Camera Relative */ = {
			isa = PBXNativeTarget;
			buildConfigurationList = 57B12B481EAC69B50811215B /* Build configuration list for PBXNativeTarget "Tut 08 Camera Relative" */;
			buildPhases = (
				0EF8478B0B93043157B14A48 /* Resources */,
				676D64E23999234403933368 /* Sources */,
				1E754509588137C255636BBE /* Frameworks */,
			);
			buildRules = (
			);
			dependencies = (
				50BA6E1142C009095DF463FE /* PBXTargetDependency */,
			);
			name = "Tut 08 Camera Relative";
			productInstallPath = "$(HOME)/bin";
			productName = "Tut 08 Camera Relative";
			productReference = 63AA47B804C87AC51F681CE6 /* Tut 08 Camera RelativeD */;
			productType = "com.apple.product-type.tool";
		};
/* End PBXNativeTarget section */

/* Begin PBXProject section */
		08FB7793FE84155DC02AAC07 /* Project object */ = {
			isa = PBXProject;
			buildConfigurationList = 1DEB928908733DD80010E9CD /* Build configuration list for PBXProject "Tut 08 Camera Relative" */;
			compatibilityVersion = "Xcode 3.1";
			hasScannedForEncodings = 1;
			mainGroup = 61D64B52301824392A1E37FD /* Tut 08 Camera Relative */;
			projectDirPath = "";
			projectReferences = (
				{
					ProductGroup = 18B27CD453AF28F923580932 /* Products */;
					ProjectRef = 07BB34AA26796E6472FE4320 /* framework.xcodeproj */;
				},
			);
			projectRoot = "";
			targets = (
				70C12BB327E826F26273741F /* Tut 08 Camera RelativeD */,
			);
		};
/* End PBXProject section */

/* Begin PBXReferenceProxy section */
		7D6845C31D9348A4487445BF /* libframeworkD.a */ = {
			isa = PBXReferenceProxy;
			fileType = archive.ar;
			path = "lib/libframeworkD.a";
			remoteRef = 510065B437952A1C32630BE8 /* PBXContainerItemProxy */;
			sourceTree = BUILT_PRODUCTS_DIR;
		};
/* End PBXReferenceProxy section */

/* Begin PBXResourcesBuildPhase section */
		0EF8478B0B93043157B14A48 /* Resources */ = {
			isa = PBXResourcesBuildPhase;
			buildActionMask = 2147483647;
			files = (
			);
			runOnlyForDeploymentPostprocessing = 0;
		};
/* End PBXResourcesBuildPhase section */

/* Begin PBXSourcesBuildPhase section */
		676D64E23999234403933368 /* Sources */ = {
			isa = PBXSourcesBuildPhase;
			buildActionMask = 2147483647;
			files = (
				53377F7716C72356047D36B5 /* CameraRelative.cpp in Sources */,
			);
			runOnlyForDeploymentPostprocessing = 0;
		};
/* End PBXSourcesBuildPhase section */

/* Begin PBXVariantGroup section */
/* End PBXVariantGroup section */

/* Begin PBXTargetDependency section */
		50BA6E1142C009095DF463FE /* PBXTargetDependency */ = {
			isa = PBXTargetDependency;
			name = "libframeworkD.a";
			targetProxy = 66C724811C0D1C3156686DB8 /* PBXContainerItemProxy */;
		};
/* End PBXTargetDependency section */

/* Begin XCBuildConfiguration section */
		2F6478FF671A042134864C81 /* Debug */ = {
			isa = XCBuildConfiguration;
			buildSettings = {
				ALWAYS_SEARCH_USER_PATHS = NO;
				GCC_DYNAMIC_NO_PIC = NO;
				GCC_MODEL_TUNING = G5;
				INSTALL_PATH = /usr/local/bin;
				PRODUCT_NAME = "Tut 08 Camera RelativeD";
			};
			name = "Debug";
		};
		739A24435091121869657EE2 /* Release */ = {
			isa = XCBuildConfiguration;
			buildSettings = {
				ALWAYS_SEARCH_USER_PATHS = NO;
				DEBUG_INFORMATION_FORMAT = "dwarf-with-dsym";
				GCC_DYNAMIC_NO_PIC = NO;
				GCC_MODEL_TUNING = G5;
				INSTALL_PATH = /usr/local/bin;
				PRODUCT_NAME = "Tut 08 Camera Relative";
			};
			name = "Release";
		};
		4B891B6B308B21590AD13E88 /* Debug */ = {
			isa = XCBuildConfiguration;
			buildSettings = {
				ARCHS = "$(NATIVE_ARCH_ACTUAL)";
				CONFIGURATION_TEMP_DIR = "$(OBJROOT)";
				COPY_PHASE_STRIP = NO;
				GCC_C_LANGUAGE_STANDARD = gnu99;
				GCC_ENABLE_FIX_AND_CONTINUE = YES;
				GCC_OPTIMIZATION_LEVEL = 0;
				GCC_PREPROCESSOR_DEFINITIONS = (
					"_CRT_SECURE_NO_WARNINGS",
					"_CRT_SECURE_NO_DEPRECATE",
					"_SCL_SECURE_NO_WARNINGS",
					"TIXML_USE_STL",
					"FREEGLUT_STATIC",
					"_LIB",
					"FREEGLUT_LIB_PRAGMAS=0",
					"DEBUG",
					"_DEBUG",
				);
				GCC_WARN_ABOUT_RETURN_TYPE = YES;
				GCC_WARN_UNUSED_VARIABLE = YES;
				HEADER_SEARCH_PATHS = (
					"../framework",
					"../glsdk/glload/include",
					"../glsdk/glimg/include",
					"../glsdk/glm",
					"../glsdk/glutil/include",
					"../glsdk/glmesh/include",
					"../glsdk/freeglut/include",
				);
				LIBRARY_SEARCH_PATHS = (
					"../glsdk/glload/lib",
					"../glsdk/glimg/lib",
					"../glsdk/glutil/lib",
					"../glsdk/glmesh/lib",
					"../glsdk/freeglut/lib",
				);
				OBJROOT = "obj/Debug/Tut 08 Camera Relative";
				ONLY_ACTIVE_ARCH = NO;
				OTHER_LDFLAGS = (
					"-lglloadD",
					"-lglimgD",
					"-lglutilD",
					"-lglmeshD",
					"-lfreeglutD",
				);
				PREBINDING = NO;
			};
			name = "Debug";
		};
		5A5F32464ACC46AA642571F3 /* Release */ = {
			isa = XCBuildConfiguration;
			buildSettings = {
				ARCHS = "$(NATIVE_ARCH_ACTUAL)";
				CONFIGURATION_TEMP_DIR = "$(OBJROOT)";
				GCC_C_LANGUAGE_STANDARD = gnu99;
				GCC_OPTIMIZATION_LEVEL = 3;
				GCC_PREPROCESSOR_DEFINITIONS = (
					"_CRT_SECURE_NO_WARNINGS",
					"_CRT_SECURE_NO_DEPRECATE",
					"_SCL_SECURE_NO_WARNINGS",
					"TIXML_USE_STL",
					"FREEGLUT_STATIC",
					"_LIB",
					"FREEGLUT_LIB_PRAGMAS=0",
					"RELEASE",
					"NDEBUG",
				);
				GCC_WARN_ABOUT_RETURN_TYPE = YES;
				GCC_WARN_UNUSED_VARIABLE = YES;
				HEADER_SEARCH_PATHS = (
					"../framework",
					"../glsdk/glload/include",
					"../glsdk/glimg/include",
					"../glsdk/glm",
					"../glsdk/glutil/include",
					"../glsdk/glmesh/include",
					"../glsdk/freeglut/include",
				);
				LIBRARY_SEARCH_PATHS = (
					"../glsdk/glload/lib",
					"../glsdk/glimg/lib",
					"../glsdk/glutil/lib",
					"../glsdk/glmesh/lib",
					"../glsdk/freeglut/lib",
				);
				OBJROOT = "obj/Release/Tut 08 Camera Relative";
				ONLY_ACTIVE_ARCH = NO;
				OTHER_CFLAGS = (
					"-fomit-frame-pointer",
				);
				OTHER_LDFLAGS = (
					"-lglload",
					"-lglimg",
					"-lglutil",
					"-lglmesh",
					"-lfreeglut",
				);
				PREBINDING = NO;
				WARNING_CFLAGS = "-Wall";
			};
			name = "Release";
		};
/* End XCBuildConfiguration section */

/* Begin XCConfigurationList section */
		57B12B481EAC69B50811215B /* Build configuration list for PBXNativeTarget "Tut 08 Camera RelativeD" */ = {
			isa = XCConfigurationList;
			buildConfigurations = (
				2F6478FF671A042134864C81 /* Debug */,
				739A24435091121869657EE2 /* Release */,
			);
			defaultConfigurationIsVisible = 0;
			defaultConfigurationName = "Debug";
		};
		1DEB928908733DD80010E9CD /* Build configuration list for PBXProject "Tut 08 Camera Relative" */ = {
			isa = XCConfigurationList;
			buildConfigurations = (
				4B891B6B308B21590AD13E88 /* Debug */,
				5A5F32464ACC46AA642571F3 /* Release */,
			);
			defaultConfigurationIsVisible = 0;
			defaultConfigurationName = "Debug";
		};
/* End XCConfigurationList section */

	};
	rootObject = 08FB7793FE84155DC02AAC07 /* Project object */;
}
