// !$*UTF8*$!
{
	archiveVersion = 1;
	classes = {
	};
	objectVersion = 45;
	objects = {

/* Begin PBXBuildFile section */
		52F553A249B8701509AC2C87 /* GammaRamp.cpp in Sources */ = {isa = PBXBuildFile; fileRef = 31D25AAC539A40E87AA177C9 /* GammaRamp.cpp */; };
		2FDD669028B1123B63EF0D7F /* libframeworkD.a in Frameworks */ = {isa = PBXBuildFile; fileRef = 1C1E264A0456621706041DA2 /* libframeworkD.a */; };
/* End PBXBuildFile section */

/* Begin PBXContainerItemProxy section */
		635C6ACC08152C903A2556C0 /* PBXContainerItemProxy */ = {
			isa = PBXContainerItemProxy;
			containerPortal = 0BBA746656F932855B534E12 /* framework.xcodeproj */;
			proxyType = 2;
			remoteGlobalIDString = 225B3CC936837713028E539B;
			remoteInfo = "libframeworkD.a";
		};
		60F30D400DAB714460377043 /* PBXContainerItemProxy */ = {
			isa = PBXContainerItemProxy;
			containerPortal = 0BBA746656F932855B534E12 /* framework.xcodeproj */;
			proxyType = 1;
			remoteGlobalIDString = 78AF4B3262FD74AB44764885;
			remoteInfo = "libframeworkD.a";
		};
/* End PBXContainerItemProxy section */

/* Begin PBXFileReference section */
		31D25AAC539A40E87AA177C9 /* GammaRamp.cpp */ = {isa = PBXFileReference; lastKnownFileType = sourcecode.cpp.cpp; name = "GammaRamp.cpp"; path = "GammaRamp.cpp"; sourceTree = "<group>"; };
		7A8E12AD4DBE02F5509A5DA4 /* screenCoords.vert */ = {isa = PBXFileReference; lastKnownFileType = text; name = "screenCoords.vert"; path = "screenCoords.vert"; sourceTree = "<group>"; };
		541566A71C060DAE5705463F /* textureGamma.frag */ = {isa = PBXFileReference; lastKnownFileType = text; name = "textureGamma.frag"; path = "textureGamma.frag"; sourceTree = "<group>"; };
		586F7E600F4450687EF727FB /* textureNoGamma.frag */ = {isa = PBXFileReference; lastKnownFileType = text; name = "textureNoGamma.frag"; path = "textureNoGamma.frag"; sourceTree = "<group>"; };
		33F05E6948333F6075406A3E /* Tut 16 Gamma RampD */ = {isa = PBXFileReference; explicitFileType = "compiled.mach-o.executable"; includeInIndex = 0; name = "Tut 16 Gamma RampD"; path = "Tut 16 Gamma RampD"; sourceTree = BUILT_PRODUCTS_DIR; };
		0BBA746656F932855B534E12 /* framework.xcodeproj */ = {isa = PBXFileReference; lastKnownFileType = "wrapper.pb-project"; name = "framework.xcodeproj"; path = "../framework/framework.xcodeproj"; sourceTree = SOURCE_ROOT; };
/* End PBXFileReference section */

/* Begin PBXFrameworksBuildPhase section */
		4C124E1B585006C85746463B /* Frameworks */ = {
			isa = PBXFrameworksBuildPhase;
			buildActionMask = 2147483647;
			files = (
				2FDD669028B1123B63EF0D7F /* libframeworkD.a in Frameworks */,
			);
			runOnlyForDeploymentPostprocessing = 0;
		};
/* End PBXFrameworksBuildPhase section */

/* Begin PBXGroup section */
		577A3A0002850855242048BC /* Tut 16 Gamma Ramp */ = {
			isa = PBXGroup;
			children = (
				31D25AAC539A40E87AA177C9 /* GammaRamp.cpp */,
				79346A29674E590632E8489A /* data */,
				07CD58F740864D9D3CB72562 /* Products */,
				6ABB450D67301AC25E410329 /* Projects */,
			);
			name = "Tut 16 Gamma Ramp";
			sourceTree = "<group>";
		};
		79346A29674E590632E8489A /* data */ = {
			isa = PBXGroup;
			children = (
				7A8E12AD4DBE02F5509A5DA4 /* screenCoords.vert */,
				541566A71C060DAE5705463F /* textureGamma.frag */,
				586F7E600F4450687EF727FB /* textureNoGamma.frag */,
			);
			name = "data";
			path = data;
			sourceTree = "<group>";
		};
		07CD58F740864D9D3CB72562 /* Products */ = {
			isa = PBXGroup;
			children = (
				33F05E6948333F6075406A3E /* Tut 16 Gamma RampD */,
			);
			name = "Products";
			sourceTree = "<group>";
		};
		6ABB450D67301AC25E410329 /* Projects */ = {
			isa = PBXGroup;
			children = (
				0BBA746656F932855B534E12 /* framework.xcodeproj */,
			);
			name = "Projects";
			sourceTree = "<group>";
		};
		162973C321833E4D341A2FE4 /* Products */ = {
			isa = PBXGroup;
			children = (
				1C1E264A0456621706041DA2 /* libframeworkD.a */,
			);
			name = Products;
			sourceTree = "<group>";
		};
/* End PBXGroup section */

/* Begin PBXNativeTarget section */
		1245216253B3481247971F6D /* Tut 16 Gamma Ramp */ = {
			isa = PBXNativeTarget;
			buildConfigurationList = 17677E1536F316F80D094A4F /* Build configuration list for PBXNativeTarget "Tut 16 Gamma Ramp" */;
			buildPhases = (
				308F7D7341EC05C56BA351BC /* Resources */,
				4B8B343B4627481779CD335B /* Sources */,
				4C124E1B585006C85746463B /* Frameworks */,
			);
			buildRules = (
			);
			dependencies = (
				7A4E469D7F7239A45CF23BED /* PBXTargetDependency */,
			);
			name = "Tut 16 Gamma Ramp";
			productInstallPath = "$(HOME)/bin";
			productName = "Tut 16 Gamma Ramp";
			productReference = 33F05E6948333F6075406A3E /* Tut 16 Gamma RampD */;
			productType = "com.apple.product-type.tool";
		};
/* End PBXNativeTarget section */

/* Begin PBXProject section */
		08FB7793FE84155DC02AAC07 /* Project object */ = {
			isa = PBXProject;
			buildConfigurationList = 1DEB928908733DD80010E9CD /* Build configuration list for PBXProject "Tut 16 Gamma Ramp" */;
			compatibilityVersion = "Xcode 3.1";
			hasScannedForEncodings = 1;
			mainGroup = 577A3A0002850855242048BC /* Tut 16 Gamma Ramp */;
			projectDirPath = "";
			projectReferences = (
				{
					ProductGroup = 162973C321833E4D341A2FE4 /* Products */;
					ProjectRef = 0BBA746656F932855B534E12 /* framework.xcodeproj */;
				},
			);
			projectRoot = "";
			targets = (
				1245216253B3481247971F6D /* Tut 16 Gamma RampD */,
			);
		};
/* End PBXProject section */

/* Begin PBXReferenceProxy section */
		1C1E264A0456621706041DA2 /* libframeworkD.a */ = {
			isa = PBXReferenceProxy;
			fileType = archive.ar;
			path = "lib/libframeworkD.a";
			remoteRef = 635C6ACC08152C903A2556C0 /* PBXContainerItemProxy */;
			sourceTree = BUILT_PRODUCTS_DIR;
		};
/* End PBXReferenceProxy section */

/* Begin PBXResourcesBuildPhase section */
		308F7D7341EC05C56BA351BC /* Resources */ = {
			isa = PBXResourcesBuildPhase;
			buildActionMask = 2147483647;
			files = (
			);
			runOnlyForDeploymentPostprocessing = 0;
		};
/* End PBXResourcesBuildPhase section */

/* Begin PBXSourcesBuildPhase section */
		4B8B343B4627481779CD335B /* Sources */ = {
			isa = PBXSourcesBuildPhase;
			buildActionMask = 2147483647;
			files = (
				52F553A249B8701509AC2C87 /* GammaRamp.cpp in Sources */,
			);
			runOnlyForDeploymentPostprocessing = 0;
		};
/* End PBXSourcesBuildPhase section */

/* Begin PBXVariantGroup section */
/* End PBXVariantGroup section */

/* Begin PBXTargetDependency section */
		7A4E469D7F7239A45CF23BED /* PBXTargetDependency */ = {
			isa = PBXTargetDependency;
			name = "libframeworkD.a";
			targetProxy = 60F30D400DAB714460377043 /* PBXContainerItemProxy */;
		};
/* End PBXTargetDependency section */

/* Begin XCBuildConfiguration section */
		6A2815CE167C4EC9158E4E81 /* Debug */ = {
			isa = XCBuildConfiguration;
			buildSettings = {
				ALWAYS_SEARCH_USER_PATHS = NO;
				GCC_DYNAMIC_NO_PIC = NO;
				GCC_MODEL_TUNING = G5;
				INSTALL_PATH = /usr/local/bin;
				PRODUCT_NAME = "Tut 16 Gamma RampD";
			};
			name = "Debug";
		};
		52752F86363B19CE5D767EC7 /* Release */ = {
			isa = XCBuildConfiguration;
			buildSettings = {
				ALWAYS_SEARCH_USER_PATHS = NO;
				DEBUG_INFORMATION_FORMAT = "dwarf-with-dsym";
				GCC_DYNAMIC_NO_PIC = NO;
				GCC_MODEL_TUNING = G5;
				INSTALL_PATH = /usr/local/bin;
				PRODUCT_NAME = "Tut 16 Gamma Ramp";
			};
			name = "Release";
		};
		24461969502C0E5775F80A08 /* Debug */ = {
			isa = XCBuildConfiguration;
			buildSettings = {
				ARCHS = "$(NATIVE_ARCH_ACTUAL)";
				CONFIGURATION_TEMP_DIR = "$(OBJROOT)";
				COPY_PHASE_STRIP = NO;
				GCC_C_LANGUAGE_STANDARD = gnu99;
				GCC_ENABLE_FIX_AND_CONTINUE = YES;
				GCC_OPTIMIZATION_LEVEL = 0;
				GCC_PREPROCESSOR_DEFINITIONS = (
					"_CRT_SECURE_NO_WARNINGS",
					"_CRT_SECURE_NO_DEPRECATE",
					"_SCL_SECURE_NO_WARNINGS",
					"TIXML_USE_STL",
					"FREEGLUT_STATIC",
					"_LIB",
					"FREEGLUT_LIB_PRAGMAS=0",
					"DEBUG",
					"_DEBUG",
				);
				GCC_WARN_ABOUT_RETURN_TYPE = YES;
				GCC_WARN_UNUSED_VARIABLE = YES;
				HEADER_SEARCH_PATHS = (
					"../framework",
					"../glsdk/glload/include",
					"../glsdk/glimg/include",
					"../glsdk/glm",
					"../glsdk/glutil/include",
					"../glsdk/glmesh/include",
					"../glsdk/freeglut/include",
				);
				LIBRARY_SEARCH_PATHS = (
					"../glsdk/glload/lib",
					"../glsdk/glimg/lib",
					"../glsdk/glutil/lib",
					"../glsdk/glmesh/lib",
					"../glsdk/freeglut/lib",
				);
				OBJROOT = "obj/Debug/Tut 16 Gamma Ramp";
				ONLY_ACTIVE_ARCH = NO;
				OTHER_LDFLAGS = (
					"-lglloadD",
					"-lglimgD",
					"-lglutilD",
					"-lglmeshD",
					"-lfreeglutD",
				);
				PREBINDING = NO;
			};
			name = "Debug";
		};
		57CE493D45AA4AF145BC5818 /* Release */ = {
			isa = XCBuildConfiguration;
			buildSettings = {
				ARCHS = "$(NATIVE_ARCH_ACTUAL)";
				CONFIGURATION_TEMP_DIR = "$(OBJROOT)";
				GCC_C_LANGUAGE_STANDARD = gnu99;
				GCC_OPTIMIZATION_LEVEL = 3;
				GCC_PREPROCESSOR_DEFINITIONS = (
					"_CRT_SECURE_NO_WARNINGS",
					"_CRT_SECURE_NO_DEPRECATE",
					"_SCL_SECURE_NO_WARNINGS",
					"TIXML_USE_STL",
					"FREEGLUT_STATIC",
					"_LIB",
					"FREEGLUT_LIB_PRAGMAS=0",
					"RELEASE",
					"NDEBUG",
				);
				GCC_WARN_ABOUT_RETURN_TYPE = YES;
				GCC_WARN_UNUSED_VARIABLE = YES;
				HEADER_SEARCH_PATHS = (
					"../framework",
					"../glsdk/glload/include",
					"../glsdk/glimg/include",
					"../glsdk/glm",
					"../glsdk/glutil/include",
					"../glsdk/glmesh/include",
					"../glsdk/freeglut/include",
				);
				LIBRARY_SEARCH_PATHS = (
					"../glsdk/glload/lib",
					"../glsdk/glimg/lib",
					"../glsdk/glutil/lib",
					"../glsdk/glmesh/lib",
					"../glsdk/freeglut/lib",
				);
				OBJROOT = "obj/Release/Tut 16 Gamma Ramp";
				ONLY_ACTIVE_ARCH = NO;
				OTHER_CFLAGS = (
					"-fomit-frame-pointer",
				);
				OTHER_LDFLAGS = (
					"-lglload",
					"-lglimg",
					"-lglutil",
					"-lglmesh",
					"-lfreeglut",
				);
				PREBINDING = NO;
				WARNING_CFLAGS = "-Wall";
			};
			name = "Release";
		};
/* End XCBuildConfiguration section */

/* Begin XCConfigurationList section */
		17677E1536F316F80D094A4F /* Build configuration list for PBXNativeTarget "Tut 16 Gamma RampD" */ = {
			isa = XCConfigurationList;
			buildConfigurations = (
				6A2815CE167C4EC9158E4E81 /* Debug */,
				52752F86363B19CE5D767EC7 /* Release */,
			);
			defaultConfigurationIsVisible = 0;
			defaultConfigurationName = "Debug";
		};
		1DEB928908733DD80010E9CD /* Build configuration list for PBXProject "Tut 16 Gamma Ramp" */ = {
			isa = XCConfigurationList;
			buildConfigurations = (
				24461969502C0E5775F80A08 /* Debug */,
				57CE493D45AA4AF145BC5818 /* Release */,
			);
			defaultConfigurationIsVisible = 0;
			defaultConfigurationName = "Debug";
		};
/* End XCConfigurationList section */

	};
	rootObject = 08FB7793FE84155DC02AAC07 /* Project object */;
}
