// !$*UTF8*$!
{
	archiveVersion = 1;
	classes = {
	};
	objectVersion = 45;
	objects = {

/* Begin PBXBuildFile section */
		27EC309070E9738E2B1247EC /* World With UBO.cpp in Sources */ = {isa = PBXBuildFile; fileRef = 36B47BCA22B404A457AB589E /* World With UBO.cpp */; };
		19053808541D748A40E51254 /* libframeworkD.a in Frameworks */ = {isa = PBXBuildFile; fileRef = 31580D8C12A73C6D29EB2E08 /* libframeworkD.a */; };
/* End PBXBuildFile section */

/* Begin PBXContainerItemProxy section */
		39F13DB06EA654B94F2D3CFC /* PBXContainerItemProxy */ = {
			isa = PBXContainerItemProxy;
			containerPortal = 4AD372E3181D39EA590A5CAE /* framework.xcodeproj */;
			proxyType = 2;
			remoteGlobalIDString = 225B3CC936837713028E539B;
			remoteInfo = "libframeworkD.a";
		};
		6E356D564D8224AB63374BEE /* PBXContainerItemProxy */ = {
			isa = PBXContainerItemProxy;
			containerPortal = 4AD372E3181D39EA590A5CAE /* framework.xcodeproj */;
			proxyType = 1;
			remoteGlobalIDString = 78AF4B3262FD74AB44764885;
			remoteInfo = "libframeworkD.a";
		};
/* End PBXContainerItemProxy section */

/* Begin PBXFileReference section */
		36B47BCA22B404A457AB589E /* World With UBO.cpp */ = {isa = PBXFileReference; lastKnownFileType = sourcecode.cpp.cpp; name = "World With UBO.cpp"; path = "World With UBO.cpp"; sourceTree = "<group>"; };
		777276D142B5263663092388 /* ColorMultUniform.frag */ = {isa = PBXFileReference; lastKnownFileType = text; name = "ColorMultUniform.frag"; path = "ColorMultUniform.frag"; sourceTree = "<group>"; };
		6F7B256474881C260C5269FA /* ColorPassthrough.frag */ = {isa = PBXFileReference; lastKnownFileType = text; name = "ColorPassthrough.frag"; path = "ColorPassthrough.frag"; sourceTree = "<group>"; };
		44507A50282A129F25F709BA /* ColorUniform.frag */ = {isa = PBXFileReference; lastKnownFileType = text; name = "ColorUniform.frag"; path = "ColorUniform.frag"; sourceTree = "<group>"; };
		2BBE76E954356ED3797C5695 /* PosColorWorldTransformUBO.vert */ = {isa = PBXFileReference; lastKnownFileType = text; name = "PosColorWorldTransformUBO.vert"; path = "PosColorWorldTransformUBO.vert"; sourceTree = "<group>"; };
		001113E80E9024834CF114D9 /* PosOnlyWorldTransformUBO.vert */ = {isa = PBXFileReference; lastKnownFileType = text; name = "PosOnlyWorldTransformUBO.vert"; path = "PosOnlyWorldTransformUBO.vert"; sourceTree = "<group>"; };
		34A77AFB15F52AD110144F9A /* Tut 07 World With UBOD */ = {isa = PBXFileReference; explicitFileType = "compiled.mach-o.executable"; includeInIndex = 0; name = "Tut 07 World With UBOD"; path = "Tut 07 World With UBOD"; sourceTree = BUILT_PRODUCTS_DIR; };
		4AD372E3181D39EA590A5CAE /* framework.xcodeproj */ = {isa = PBXFileReference; lastKnownFileType = "wrapper.pb-project"; name = "framework.xcodeproj"; path = "../framework/framework.xcodeproj"; sourceTree = SOURCE_ROOT; };
/* End PBXFileReference section */

/* Begin PBXFrameworksBuildPhase section */
		68CE55AA39C34D3506465DB0 /* Frameworks */ = {
			isa = PBXFrameworksBuildPhase;
			buildActionMask = 2147483647;
			files = (
				19053808541D748A40E51254 /* libframeworkD.a in Frameworks */,
			);
			runOnlyForDeploymentPostprocessing = 0;
		};
/* End PBXFrameworksBuildPhase section */

/* Begin PBXGroup section */
		42C07EF52A8A516A24873569 /* Tut 07 World With UBO */ = {
			isa = PBXGroup;
			children = (
				36B47BCA22B404A457AB589E /* World With UBO.cpp */,
				5CFE5D9844850CEE6F6B7D9B /* data */,
				3B3F261355B056255475004B /* Products */,
				72596D2747D510D31E47035C /* Projects */,
			);
			name = "Tut 07 World With UBO";
			sourceTree = "<group>";
		};
		5CFE5D9844850CEE6F6B7D9B /* data */ = {
			isa = PBXGroup;
			children = (
				777276D142B5263663092388 /* ColorMultUniform.frag */,
				6F7B256474881C260C5269FA /* ColorPassthrough.frag */,
				44507A50282A129F25F709BA /* ColorUniform.frag */,
				2BBE76E954356ED3797C5695 /* PosColorWorldTransformUBO.vert */,
				001113E80E9024834CF114D9 /* PosOnlyWorldTransformUBO.vert */,
			);
			name = "data";
			path = data;
			sourceTree = "<group>";
		};
		3B3F261355B056255475004B /* Products */ = {
			isa = PBXGroup;
			children = (
				34A77AFB15F52AD110144F9A /* Tut 07 World With UBOD */,
			);
			name = "Products";
			sourceTree = "<group>";
		};
		72596D2747D510D31E47035C /* Projects */ = {
			isa = PBXGroup;
			children = (
				4AD372E3181D39EA590A5CAE /* framework.xcodeproj */,
			);
			name = "Projects";
			sourceTree = "<group>";
		};
		0C5673037AE6377445B51F07 /* Products */ = {
			isa = PBXGroup;
			children = (
				31580D8C12A73C6D29EB2E08 /* libframeworkD.a */,
			);
			name = Products;
			sourceTree = "<group>";
		};
/* End PBXGroup section */

/* Begin PBXNativeTarget section */
		2E0F60EF098516222B300963 /* Tut 07 World With UBO */ = {
			isa = PBXNativeTarget;
			buildConfigurationList = 735B6BAA18861F966F157F2E /* Build configuration list for PBXNativeTarget "Tut 07 World With UBO" */;
			buildPhases = (
				621A218761AE237F22CB40B5 /* Resources */,
				5AD56C4403840F3B73FB1216 /* Sources */,
				68CE55AA39C34D3506465DB0 /* Frameworks */,
			);
			buildRules = (
			);
			dependencies = (
				23C5743752B97226307F6F0B /* PBXTargetDependency */,
			);
			name = "Tut 07 World With UBO";
			productInstallPath = "$(HOME)/bin";
			productName = "Tut 07 World With UBO";
			productReference = 34A77AFB15F52AD110144F9A /* Tut 07 World With UBOD */;
			productType = "com.apple.product-type.tool";
		};
/* End PBXNativeTarget section */

/* Begin PBXProject section */
		08FB7793FE84155DC02AAC07 /* Project object */ = {
			isa = PBXProject;
			buildConfigurationList = 1DEB928908733DD80010E9CD /* Build configuration list for PBXProject "Tut 07 World With UBO" */;
			compatibilityVersion = "Xcode 3.1";
			hasScannedForEncodings = 1;
			mainGroup = 42C07EF52A8A516A24873569 /* Tut 07 World With UBO */;
			projectDirPath = "";
			projectReferences = (
				{
					ProductGroup = 0C5673037AE6377445B51F07 /* Products */;
					ProjectRef = 4AD372E3181D39EA590A5CAE /* framework.xcodeproj */;
				},
			);
			projectRoot = "";
			targets = (
				2E0F60EF098516222B300963 /* Tut 07 World With UBOD */,
			);
		};
/* End PBXProject section */

/* Begin PBXReferenceProxy section */
		31580D8C12A73C6D29EB2E08 /* libframeworkD.a */ = {
			isa = PBXReferenceProxy;
			fileType = archive.ar;
			path = "lib/libframeworkD.a";
			remoteRef = 39F13DB06EA654B94F2D3CFC /* PBXContainerItemProxy */;
			sourceTree = BUILT_PRODUCTS_DIR;
		};
/* End PBXReferenceProxy section */

/* Begin PBXResourcesBuildPhase section */
		621A218761AE237F22CB40B5 /* Resources */ = {
			isa = PBXResourcesBuildPhase;
			buildActionMask = 2147483647;
			files = (
			);
			runOnlyForDeploymentPostprocessing = 0;
		};
/* End PBXResourcesBuildPhase section */

/* Begin PBXSourcesBuildPhase section */
		5AD56C4403840F3B73FB1216 /* Sources */ = {
			isa = PBXSourcesBuildPhase;
			buildActionMask = 2147483647;
			files = (
				27EC309070E9738E2B1247EC /* World With UBO.cpp in Sources */,
			);
			runOnlyForDeploymentPostprocessing = 0;
		};
/* End PBXSourcesBuildPhase section */

/* Begin PBXVariantGroup section */
/* End PBXVariantGroup section */

/* Begin PBXTargetDependency section */
		23C5743752B97226307F6F0B /* PBXTargetDependency */ = {
			isa = PBXTargetDependency;
			name = "libframeworkD.a";
			targetProxy = 6E356D564D8224AB63374BEE /* PBXContainerItemProxy */;
		};
/* End PBXTargetDependency section */

/* Begin XCBuildConfiguration section */
		23A5325D7C3248AD7DE642FA /* Debug */ = {
			isa = XCBuildConfiguration;
			buildSettings = {
				ALWAYS_SEARCH_USER_PATHS = NO;
				GCC_DYNAMIC_NO_PIC = NO;
				GCC_MODEL_TUNING = G5;
				INSTALL_PATH = /usr/local/bin;
				PRODUCT_NAME = "Tut 07 World With UBOD";
			};
			name = "Debug";
		};
		697E00933A0528E2107B2CD0 /* Release */ = {
			isa = XCBuildConfiguration;
			buildSettings = {
				ALWAYS_SEARCH_USER_PATHS = NO;
				DEBUG_INFORMATION_FORMAT = "dwarf-with-dsym";
				GCC_DYNAMIC_NO_PIC = NO;
				GCC_MODEL_TUNING = G5;
				INSTALL_PATH = /usr/local/bin;
				PRODUCT_NAME = "Tut 07 World With UBO";
			};
			name = "Release";
		};
		36DF6EB568F81B6F194730F7 /* Debug */ = {
			isa = XCBuildConfiguration;
			buildSettings = {
				ARCHS = "$(NATIVE_ARCH_ACTUAL)";
				CONFIGURATION_TEMP_DIR = "$(OBJROOT)";
				COPY_PHASE_STRIP = NO;
				GCC_C_LANGUAGE_STANDARD = gnu99;
				GCC_ENABLE_FIX_AND_CONTINUE = YES;
				GCC_OPTIMIZATION_LEVEL = 0;
				GCC_PREPROCESSOR_DEFINITIONS = (
					"_CRT_SECURE_NO_WARNINGS",
					"_CRT_SECURE_NO_DEPRECATE",
					"_SCL_SECURE_NO_WARNINGS",
					"TIXML_USE_STL",
					"FREEGLUT_STATIC",
					"_LIB",
					"FREEGLUT_LIB_PRAGMAS=0",
					"DEBUG",
					"_DEBUG",
				);
				GCC_WARN_ABOUT_RETURN_TYPE = YES;
				GCC_WARN_UNUSED_VARIABLE = YES;
				HEADER_SEARCH_PATHS = (
					"../framework",
					"../glsdk/glload/include",
					"../glsdk/glimg/include",
					"../glsdk/glm",
					"../glsdk/glutil/include",
					"../glsdk/glmesh/include",
					"../glsdk/freeglut/include",
				);
				LIBRARY_SEARCH_PATHS = (
					"../glsdk/glload/lib",
					"../glsdk/glimg/lib",
					"../glsdk/glutil/lib",
					"../glsdk/glmesh/lib",
					"../glsdk/freeglut/lib",
				);
				OBJROOT = "obj/Debug/Tut 07 World With UBO";
				ONLY_ACTIVE_ARCH = NO;
				OTHER_LDFLAGS = (
					"-lglloadD",
					"-lglimgD",
					"-lglutilD",
					"-lglmeshD",
					"-lfreeglutD",
				);
				PREBINDING = NO;
			};
			name = "Debug";
		};
		29585B6D567C1F200EC934FB /* Release */ = {
			isa = XCBuildConfiguration;
			buildSettings = {
				ARCHS = "$(NATIVE_ARCH_ACTUAL)";
				CONFIGURATION_TEMP_DIR = "$(OBJROOT)";
				GCC_C_LANGUAGE_STANDARD = gnu99;
				GCC_OPTIMIZATION_LEVEL = 3;
				GCC_PREPROCESSOR_DEFINITIONS = (
					"_CRT_SECURE_NO_WARNINGS",
					"_CRT_SECURE_NO_DEPRECATE",
					"_SCL_SECURE_NO_WARNINGS",
					"TIXML_USE_STL",
					"FREEGLUT_STATIC",
					"_LIB",
					"FREEGLUT_LIB_PRAGMAS=0",
					"RELEASE",
					"NDEBUG",
				);
				GCC_WARN_ABOUT_RETURN_TYPE = YES;
				GCC_WARN_UNUSED_VARIABLE = YES;
				HEADER_SEARCH_PATHS = (
					"../framework",
					"../glsdk/glload/include",
					"../glsdk/glimg/include",
					"../glsdk/glm",
					"../glsdk/glutil/include",
					"../glsdk/glmesh/include",
					"../glsdk/freeglut/include",
				);
				LIBRARY_SEARCH_PATHS = (
					"../glsdk/glload/lib",
					"../glsdk/glimg/lib",
					"../glsdk/glutil/lib",
					"../glsdk/glmesh/lib",
					"../glsdk/freeglut/lib",
				);
				OBJROOT = "obj/Release/Tut 07 World With UBO";
				ONLY_ACTIVE_ARCH = NO;
				OTHER_CFLAGS = (
					"-fomit-frame-pointer",
				);
				OTHER_LDFLAGS = (
					"-lglload",
					"-lglimg",
					"-lglutil",
					"-lglmesh",
					"-lfreeglut",
				);
				PREBINDING = NO;
				WARNING_CFLAGS = "-Wall";
			};
			name = "Release";
		};
/* End XCBuildConfiguration section */

/* Begin XCConfigurationList section */
		735B6BAA18861F966F157F2E /* Build configuration list for PBXNativeTarget "Tut 07 World With UBOD" */ = {
			isa = XCConfigurationList;
			buildConfigurations = (
				23A5325D7C3248AD7DE642FA /* Debug */,
				697E00933A0528E2107B2CD0 /* Release */,
			);
			defaultConfigurationIsVisible = 0;
			defaultConfigurationName = "Debug";
		};
		1DEB928908733DD80010E9CD /* Build configuration list for PBXProject "Tut 07 World With UBO" */ = {
			isa = XCConfigurationList;
			buildConfigurations = (
				36DF6EB568F81B6F194730F7 /* Debug */,
				29585B6D567C1F200EC934FB /* Release */,
			);
			defaultConfigurationIsVisible = 0;
			defaultConfigurationName = "Debug";
		};
/* End XCConfigurationList section */

	};
	rootObject = 08FB7793FE84155DC02AAC07 /* Project object */;
}
