// !$*UTF8*$!
{
	archiveVersion = 1;
	classes = {
	};
	objectVersion = 45;
	objects = {

/* Begin PBXBuildFile section */
		4EA806A749D5690422857A87 /* Fragment Attenuation.cpp in Sources */ = {isa = PBXBuildFile; fileRef = 31C640E539AC64735D4E610D /* Fragment Attenuation.cpp */; };
		198645B1033F36CB4D9A3A3F /* libframeworkD.a in Frameworks */ = {isa = PBXBuildFile; fileRef = 0E404AEB1C8C393B6A025E2A /* libframeworkD.a */; };
/* End PBXBuildFile section */

/* Begin PBXContainerItemProxy section */
		0F9E67A119B0134339B92FBB /* PBXContainerItemProxy */ = {
			isa = PBXContainerItemProxy;
			containerPortal = 2DDB43FC57741D0F69FD7F64 /* framework.xcodeproj */;
			proxyType = 2;
			remoteGlobalIDString = 225B3CC936837713028E539B;
			remoteInfo = "libframeworkD.a";
		};
		220A7E00353942AD115722E8 /* PBXContainerItemProxy */ = {
			isa = PBXContainerItemProxy;
			containerPortal = 2DDB43FC57741D0F69FD7F64 /* framework.xcodeproj */;
			proxyType = 1;
			remoteGlobalIDString = 78AF4B3262FD74AB44764885;
			remoteInfo = "libframeworkD.a";
		};
/* End PBXContainerItemProxy section */

/* Begin PBXFileReference section */
		31C640E539AC64735D4E610D /* Fragment Attenuation.cpp */ = {isa = PBXFileReference; lastKnownFileType = sourcecode.cpp.cpp; name = "Fragment Attenuation.cpp"; path = "Fragment Attenuation.cpp"; sourceTree = "<group>"; };
		15991E55031774FD4C4709BA /* FragLightAtten.frag */ = {isa = PBXFileReference; lastKnownFileType = text; name = "FragLightAtten.frag"; path = "FragLightAtten.frag"; sourceTree = "<group>"; };
		3DCF0A6D1F4314C66FCD3175 /* FragLightAtten_PCN.vert */ = {isa = PBXFileReference; lastKnownFileType = text; name = "FragLightAtten_PCN.vert"; path = "FragLightAtten_PCN.vert"; sourceTree = "<group>"; };
		339A66A245C744BB56BB28AB /* FragLightAtten_PN.vert */ = {isa = PBXFileReference; lastKnownFileType = text; name = "FragLightAtten_PN.vert"; path = "FragLightAtten_PN.vert"; sourceTree = "<group>"; };
		42CA0CC7062C4228661D2C8B /* Tut 10 Fragment AttenuationD */ = {isa = PBXFileReference; explicitFileType = "compiled.mach-o.executable"; includeInIndex = 0; name = "Tut 10 Fragment AttenuationD"; path = "Tut 10 Fragment AttenuationD"; sourceTree = BUILT_PRODUCTS_DIR; };
		2DDB43FC57741D0F69FD7F64 /* framework.xcodeproj */ = {isa = PBXFileReference; lastKnownFileType = "wrapper.pb-project"; name = "framework.xcodeproj"; path = "../framework/framework.xcodeproj"; sourceTree = SOURCE_ROOT; };
/* End PBXFileReference section */

/* Begin PBXFrameworksBuildPhase section */
		2A951E192159058913900DC2 /* Frameworks */ = {
			isa = PBXFrameworksBuildPhase;
			buildActionMask = 2147483647;
			files = (
				198645B1033F36CB4D9A3A3F /* libframeworkD.a in Frameworks */,
			);
			runOnlyForDeploymentPostprocessing = 0;
		};
/* End PBXFrameworksBuildPhase section */

/* Begin PBXGroup section */
		5D4512A46C495C521EF43A91 /* Tut 10 Fragment Attenuation */ = {
			isa = PBXGroup;
			children = (
				31C640E539AC64735D4E610D /* Fragment Attenuation.cpp */,
				46F727CE00F83AE538E978BA /* data */,
				0BC362AD65F624A6157B6A6B /* Products */,
				34A22491406B31FD6BB1424E /* Projects */,
			);
			name = "Tut 10 Fragment Attenuation";
			sourceTree = "<group>";
		};
		46F727CE00F83AE538E978BA /* data */ = {
			isa = PBXGroup;
			children = (
				15991E55031774FD4C4709BA /* FragLightAtten.frag */,
				3DCF0A6D1F4314C66FCD3175 /* FragLightAtten_PCN.vert */,
				339A66A245C744BB56BB28AB /* FragLightAtten_PN.vert */,
			);
			name = "data";
			path = data;
			sourceTree = "<group>";
		};
		0BC362AD65F624A6157B6A6B /* Products */ = {
			isa = PBXGroup;
			children = (
				42CA0CC7062C4228661D2C8B /* Tut 10 Fragment AttenuationD */,
			);
			name = "Products";
			sourceTree = "<group>";
		};
		34A22491406B31FD6BB1424E /* Projects */ = {
			isa = PBXGroup;
			children = (
				2DDB43FC57741D0F69FD7F64 /* framework.xcodeproj */,
			);
			name = "Projects";
			sourceTree = "<group>";
		};
		3B0A33310C9854404CE75778 /* Products */ = {
			isa = PBXGroup;
			children = (
				0E404AEB1C8C393B6A025E2A /* libframeworkD.a */,
			);
			name = Products;
			sourceTree = "<group>";
		};
/* End PBXGroup section */

/* Begin PBXNativeTarget section */
		624819A73CCC7E591C21766E /* Tut 10 Fragment Attenuation */ = {
			isa = PBXNativeTarget;
			buildConfigurationList = 2DF06E1D56BA0831625966A7 /* Build configuration list for PBXNativeTarget "Tut 10 Fragment Attenuation" */;
			buildPhases = (
				68B340AC5D6F589325E11676 /* Resources */,
				58DD517F70E439EA48522DDF /* Sources */,
				2A951E192159058913900DC2 /* Frameworks */,
			);
			buildRules = (
			);
			dependencies = (
				33E33DBA01C54DBC758C4FDF /* PBXTargetDependency */,
			);
			name = "Tut 10 Fragment Attenuation";
			productInstallPath = "$(HOME)/bin";
			productName = "Tut 10 Fragment Attenuation";
			productReference = 42CA0CC7062C4228661D2C8B /* Tut 10 Fragment AttenuationD */;
			productType = "com.apple.product-type.tool";
		};
/* End PBXNativeTarget section */

/* Begin PBXProject section */
		08FB7793FE84155DC02AAC07 /* Project object */ = {
			isa = PBXProject;
			buildConfigurationList = 1DEB928908733DD80010E9CD /* Build configuration list for PBXProject "Tut 10 Fragment Attenuation" */;
			compatibilityVersion = "Xcode 3.1";
			hasScannedForEncodings = 1;
			mainGroup = 5D4512A46C495C521EF43A91 /* Tut 10 Fragment Attenuation */;
			projectDirPath = "";
			projectReferences = (
				{
					ProductGroup = 3B0A33310C9854404CE75778 /* Products */;
					ProjectRef = 2DDB43FC57741D0F69FD7F64 /* framework.xcodeproj */;
				},
			);
			projectRoot = "";
			targets = (
				624819A73CCC7E591C21766E /* Tut 10 Fragment AttenuationD */,
			);
		};
/* End PBXProject section */

/* Begin PBXReferenceProxy section */
		0E404AEB1C8C393B6A025E2A /* libframeworkD.a */ = {
			isa = PBXReferenceProxy;
			fileType = archive.ar;
			path = "lib/libframeworkD.a";
			remoteRef = 0F9E67A119B0134339B92FBB /* PBXContainerItemProxy */;
			sourceTree = BUILT_PRODUCTS_DIR;
		};
/* End PBXReferenceProxy section */

/* Begin PBXResourcesBuildPhase section */
		68B340AC5D6F589325E11676 /* Resources */ = {
			isa = PBXResourcesBuildPhase;
			buildActionMask = 2147483647;
			files = (
			);
			runOnlyForDeploymentPostprocessing = 0;
		};
/* End PBXResourcesBuildPhase section */

/* Begin PBXSourcesBuildPhase section */
		58DD517F70E439EA48522DDF /* Sources */ = {
			isa = PBXSourcesBuildPhase;
			buildActionMask = 2147483647;
			files = (
				4EA806A749D5690422857A87 /* Fragment Attenuation.cpp in Sources */,
			);
			runOnlyForDeploymentPostprocessing = 0;
		};
/* End PBXSourcesBuildPhase section */

/* Begin PBXVariantGroup section */
/* End PBXVariantGroup section */

/* Begin PBXTargetDependency section */
		33E33DBA01C54DBC758C4FDF /* PBXTargetDependency */ = {
			isa = PBXTargetDependency;
			name = "libframeworkD.a";
			targetProxy = 220A7E00353942AD115722E8 /* PBXContainerItemProxy */;
		};
/* End PBXTargetDependency section */

/* Begin XCBuildConfiguration section */
		189A450C1E8477430D4B5AD1 /* Debug */ = {
			isa = XCBuildConfiguration;
			buildSettings = {
				ALWAYS_SEARCH_USER_PATHS = NO;
				GCC_DYNAMIC_NO_PIC = NO;
				GCC_MODEL_TUNING = G5;
				INSTALL_PATH = /usr/local/bin;
				PRODUCT_NAME = "Tut 10 Fragment AttenuationD";
			};
			name = "Debug";
		};
		38F561013DEE62325CF25492 /* Release */ = {
			isa = XCBuildConfiguration;
			buildSettings = {
				ALWAYS_SEARCH_USER_PATHS = NO;
				DEBUG_INFORMATION_FORMAT = "dwarf-with-dsym";
				GCC_DYNAMIC_NO_PIC = NO;
				GCC_MODEL_TUNING = G5;
				INSTALL_PATH = /usr/local/bin;
				PRODUCT_NAME = "Tut 10 Fragment Attenuation";
			};
			name = "Release";
		};
		03385DF86FFB6A956AE21FCE /* Debug */ = {
			isa = XCBuildConfiguration;
			buildSettings = {
				ARCHS = "$(NATIVE_ARCH_ACTUAL)";
				CONFIGURATION_TEMP_DIR = "$(OBJROOT)";
				COPY_PHASE_STRIP = NO;
				GCC_C_LANGUAGE_STANDARD = gnu99;
				GCC_ENABLE_FIX_AND_CONTINUE = YES;
				GCC_OPTIMIZATION_LEVEL = 0;
				GCC_PREPROCESSOR_DEFINITIONS = (
					"_CRT_SECURE_NO_WARNINGS",
					"_CRT_SECURE_NO_DEPRECATE",
					"_SCL_SECURE_NO_WARNINGS",
					"TIXML_USE_STL",
					"FREEGLUT_STATIC",
					"_LIB",
					"FREEGLUT_LIB_PRAGMAS=0",
					"DEBUG",
					"_DEBUG",
				);
				GCC_WARN_ABOUT_RETURN_TYPE = YES;
				GCC_WARN_UNUSED_VARIABLE = YES;
				HEADER_SEARCH_PATHS = (
					"../framework",
					"../glsdk/glload/include",
					"../glsdk/glimg/include",
					"../glsdk/glm",
					"../glsdk/glutil/include",
					"../glsdk/glmesh/include",
					"../glsdk/freeglut/include",
				);
				LIBRARY_SEARCH_PATHS = (
					"../glsdk/glload/lib",
					"../glsdk/glimg/lib",
					"../glsdk/glutil/lib",
					"../glsdk/glmesh/lib",
					"../glsdk/freeglut/lib",
				);
				OBJROOT = "obj/Debug/Tut 10 Fragment Attenuation";
				ONLY_ACTIVE_ARCH = NO;
				OTHER_LDFLAGS = (
					"-lglloadD",
					"-lglimgD",
					"-lglutilD",
					"-lglmeshD",
					"-lfreeglutD",
				);
				PREBINDING = NO;
			};
			name = "Debug";
		};
		41AA2C0A680E11CF56CF6ED2 /* Release */ = {
			isa = XCBuildConfiguration;
			buildSettings = {
				ARCHS = "$(NATIVE_ARCH_ACTUAL)";
				CONFIGURATION_TEMP_DIR = "$(OBJROOT)";
				GCC_C_LANGUAGE_STANDARD = gnu99;
				GCC_OPTIMIZATION_LEVEL = 3;
				GCC_PREPROCESSOR_DEFINITIONS = (
					"_CRT_SECURE_NO_WARNINGS",
					"_CRT_SECURE_NO_DEPRECATE",
					"_SCL_SECURE_NO_WARNINGS",
					"TIXML_USE_STL",
					"FREEGLUT_STATIC",
					"_LIB",
					"FREEGLUT_LIB_PRAGMAS=0",
					"RELEASE",
					"NDEBUG",
				);
				GCC_WARN_ABOUT_RETURN_TYPE = YES;
				GCC_WARN_UNUSED_VARIABLE = YES;
				HEADER_SEARCH_PATHS = (
					"../framework",
					"../glsdk/glload/include",
					"../glsdk/glimg/include",
					"../glsdk/glm",
					"../glsdk/glutil/include",
					"../glsdk/glmesh/include",
					"../glsdk/freeglut/include",
				);
				LIBRARY_SEARCH_PATHS = (
					"../glsdk/glload/lib",
					"../glsdk/glimg/lib",
					"../glsdk/glutil/lib",
					"../glsdk/glmesh/lib",
					"../glsdk/freeglut/lib",
				);
				OBJROOT = "obj/Release/Tut 10 Fragment Attenuation";
				ONLY_ACTIVE_ARCH = NO;
				OTHER_CFLAGS = (
					"-fomit-frame-pointer",
				);
				OTHER_LDFLAGS = (
					"-lglload",
					"-lglimg",
					"-lglutil",
					"-lglmesh",
					"-lfreeglut",
				);
				PREBINDING = NO;
				WARNING_CFLAGS = "-Wall";
			};
			name = "Release";
		};
/* End XCBuildConfiguration section */

/* Begin XCConfigurationList section */
		2DF06E1D56BA0831625966A7 /* Build configuration list for PBXNativeTarget "Tut 10 Fragment AttenuationD" */ = {
			isa = XCConfigurationList;
			buildConfigurations = (
				189A450C1E8477430D4B5AD1 /* Debug */,
				38F561013DEE62325CF25492 /* Release */,
			);
			defaultConfigurationIsVisible = 0;
			defaultConfigurationName = "Debug";
		};
		1DEB928908733DD80010E9CD /* Build configuration list for PBXProject "Tut 10 Fragment Attenuation" */ = {
			isa = XCConfigurationList;
			buildConfigurations = (
				03385DF86FFB6A956AE21FCE /* Debug */,
				41AA2C0A680E11CF56CF6ED2 /* Release */,
			);
			defaultConfigurationIsVisible = 0;
			defaultConfigurationName = "Debug";
		};
/* End XCConfigurationList section */

	};
	rootObject = 08FB7793FE84155DC02AAC07 /* Project object */;
}
