// !$*UTF8*$!
{
	archiveVersion = 1;
	classes = {
	};
	objectVersion = 45;
	objects = {

/* Begin PBXBuildFile section */
		2BFE35DC2778679854F73DF1 /* vertPositionOffset.cpp in Sources */ = {isa = PBXBuildFile; fileRef = 0EFE6D2340B402BD56814DA7 /* vertPositionOffset.cpp */; };
		1DE66DFD2444092706D31852 /* libframeworkD.a in Frameworks */ = {isa = PBXBuildFile; fileRef = 104D37EA14D806DD4A632ABF /* libframeworkD.a */; };
/* End PBXBuildFile section */

/* Begin PBXContainerItemProxy section */
		1DA141D273610C3F21483724 /* PBXContainerItemProxy */ = {
			isa = PBXContainerItemProxy;
			containerPortal = 43BF4CD13A9346D20C0056AF /* framework.xcodeproj */;
			proxyType = 2;
			remoteGlobalIDString = 225B3CC936837713028E539B;
			remoteInfo = "libframeworkD.a";
		};
		2846428C34A637D873A97760 /* PBXContainerItemProxy */ = {
			isa = PBXContainerItemProxy;
			containerPortal = 43BF4CD13A9346D20C0056AF /* framework.xcodeproj */;
			proxyType = 1;
			remoteGlobalIDString = 78AF4B3262FD74AB44764885;
			remoteInfo = "libframeworkD.a";
		};
/* End PBXContainerItemProxy section */

/* Begin PBXFileReference section */
		488877C6778374017B4D181A /* positionOffset.vert */ = {isa = PBXFileReference; lastKnownFileType = text; name = "positionOffset.vert"; path = "positionOffset.vert"; sourceTree = "<group>"; };
		682E5733575F3D00721C34CF /* standard.frag */ = {isa = PBXFileReference; lastKnownFileType = text; name = "standard.frag"; path = "standard.frag"; sourceTree = "<group>"; };
		0EFE6D2340B402BD56814DA7 /* vertPositionOffset.cpp */ = {isa = PBXFileReference; lastKnownFileType = sourcecode.cpp.cpp; name = "vertPositionOffset.cpp"; path = "vertPositionOffset.cpp"; sourceTree = "<group>"; };
		4803558E07A9176C63F02DD2 /* Tut 03 Shader Position OffsetD */ = {isa = PBXFileReference; explicitFileType = "compiled.mach-o.executable"; includeInIndex = 0; name = "Tut 03 Shader Position OffsetD"; path = "Tut 03 Shader Position OffsetD"; sourceTree = BUILT_PRODUCTS_DIR; };
		43BF4CD13A9346D20C0056AF /* framework.xcodeproj */ = {isa = PBXFileReference; lastKnownFileType = "wrapper.pb-project"; name = "framework.xcodeproj"; path = "../framework/framework.xcodeproj"; sourceTree = SOURCE_ROOT; };
/* End PBXFileReference section */

/* Begin PBXFrameworksBuildPhase section */
		398F13067ECB7A5C656827ED /* Frameworks */ = {
			isa = PBXFrameworksBuildPhase;
			buildActionMask = 2147483647;
			files = (
				1DE66DFD2444092706D31852 /* libframeworkD.a in Frameworks */,
			);
			runOnlyForDeploymentPostprocessing = 0;
		};
/* End PBXFrameworksBuildPhase section */

/* Begin PBXGroup section */
		03057512071F311E29F71C94 /* Tut 03 Shader Position Offset */ = {
			isa = PBXGroup;
			children = (
				564645E54BBC5B7655D86882 /* data */,
				0EFE6D2340B402BD56814DA7 /* vertPositionOffset.cpp */,
				4A27525825C35433778F5BDE /* Products */,
				0ADB345D46AA76C331BA2E5E /* Projects */,
			);
			name = "Tut 03 Shader Position Offset";
			sourceTree = "<group>";
		};
		564645E54BBC5B7655D86882 /* data */ = {
			isa = PBXGroup;
			children = (
				488877C6778374017B4D181A /* positionOffset.vert */,
				682E5733575F3D00721C34CF /* standard.frag */,
			);
			name = "data";
			path = data;
			sourceTree = "<group>";
		};
		4A27525825C35433778F5BDE /* Products */ = {
			isa = PBXGroup;
			children = (
				4803558E07A9176C63F02DD2 /* Tut 03 Shader Position OffsetD */,
			);
			name = "Products";
			sourceTree = "<group>";
		};
		0ADB345D46AA76C331BA2E5E /* Projects */ = {
			isa = PBXGroup;
			children = (
				43BF4CD13A9346D20C0056AF /* framework.xcodeproj */,
			);
			name = "Projects";
			sourceTree = "<group>";
		};
		2A600AA97CBA2EEF70DF759D /* Products */ = {
			isa = PBXGroup;
			children = (
				104D37EA14D806DD4A632ABF /* libframeworkD.a */,
			);
			name = Products;
			sourceTree = "<group>";
		};
/* End PBXGroup section */

/* Begin PBXNativeTarget section */
		419E0D0D58B77D6D210248DB /* Tut 03 Shader Position Offset */ = {
			isa = PBXNativeTarget;
			buildConfigurationList = 6C08081E26B573231CE06B81 /* Build configuration list for PBXNativeTarget "Tut 03 Shader Position Offset" */;
			buildPhases = (
				025C27661AC05D9D1019073E /* Resources */,
				17F840BD5035556974D50B61 /* Sources */,
				398F13067ECB7A5C656827ED /* Frameworks */,
			);
			buildRules = (
			);
			dependencies = (
				628714792F9F7BF04C7F6202 /* PBXTargetDependency */,
			);
			name = "Tut 03 Shader Position Offset";
			productInstallPath = "$(HOME)/bin";
			productName = "Tut 03 Shader Position Offset";
			productReference = 4803558E07A9176C63F02DD2 /* Tut 03 Shader Position OffsetD */;
			productType = "com.apple.product-type.tool";
		};
/* End PBXNativeTarget section */

/* Begin PBXProject section */
		08FB7793FE84155DC02AAC07 /* Project object */ = {
			isa = PBXProject;
			buildConfigurationList = 1DEB928908733DD80010E9CD /* Build configuration list for PBXProject "Tut 03 Shader Position Offset" */;
			compatibilityVersion = "Xcode 3.1";
			hasScannedForEncodings = 1;
			mainGroup = 03057512071F311E29F71C94 /* Tut 03 Shader Position Offset */;
			projectDirPath = "";
			projectReferences = (
				{
					ProductGroup = 2A600AA97CBA2EEF70DF759D /* Products */;
					ProjectRef = 43BF4CD13A9346D20C0056AF /* framework.xcodeproj */;
				},
			);
			projectRoot = "";
			targets = (
				419E0D0D58B77D6D210248DB /* Tut 03 Shader Position OffsetD */,
			);
		};
/* End PBXProject section */

/* Begin PBXReferenceProxy section */
		104D37EA14D806DD4A632ABF /* libframeworkD.a */ = {
			isa = PBXReferenceProxy;
			fileType = archive.ar;
			path = "lib/libframeworkD.a";
			remoteRef = 1DA141D273610C3F21483724 /* PBXContainerItemProxy */;
			sourceTree = BUILT_PRODUCTS_DIR;
		};
/* End PBXReferenceProxy section */

/* Begin PBXResourcesBuildPhase section */
		025C27661AC05D9D1019073E /* Resources */ = {
			isa = PBXResourcesBuildPhase;
			buildActionMask = 2147483647;
			files = (
			);
			runOnlyForDeploymentPostprocessing = 0;
		};
/* End PBXResourcesBuildPhase section */

/* Begin PBXSourcesBuildPhase section */
		17F840BD5035556974D50B61 /* Sources */ = {
			isa = PBXSourcesBuildPhase;
			buildActionMask = 2147483647;
			files = (
				2BFE35DC2778679854F73DF1 /* vertPositionOffset.cpp in Sources */,
			);
			runOnlyForDeploymentPostprocessing = 0;
		};
/* End PBXSourcesBuildPhase section */

/* Begin PBXVariantGroup section */
/* End PBXVariantGroup section */

/* Begin PBXTargetDependency section */
		628714792F9F7BF04C7F6202 /* PBXTargetDependency */ = {
			isa = PBXTargetDependency;
			name = "libframeworkD.a";
			targetProxy = 2846428C34A637D873A97760 /* PBXContainerItemProxy */;
		};
/* End PBXTargetDependency section */

/* Begin XCBuildConfiguration section */
		63856FE00288366868404925 /* Debug */ = {
			isa = XCBuildConfiguration;
			buildSettings = {
				ALWAYS_SEARCH_USER_PATHS = NO;
				GCC_DYNAMIC_NO_PIC = NO;
				GCC_MODEL_TUNING = G5;
				INSTALL_PATH = /usr/local/bin;
				PRODUCT_NAME = "Tut 03 Shader Position OffsetD";
			};
			name = "Debug";
		};
		4FEE411238A15E783B5D0718 /* Release */ = {
			isa = XCBuildConfiguration;
			buildSettings = {
				ALWAYS_SEARCH_USER_PATHS = NO;
				DEBUG_INFORMATION_FORMAT = "dwarf-with-dsym";
				GCC_DYNAMIC_NO_PIC = NO;
				GCC_MODEL_TUNING = G5;
				INSTALL_PATH = /usr/local/bin;
				PRODUCT_NAME = "Tut 03 Shader Position Offset";
			};
			name = "Release";
		};
		22A73CC07048157A1A751927 /* Debug */ = {
			isa = XCBuildConfiguration;
			buildSettings = {
				ARCHS = "$(NATIVE_ARCH_ACTUAL)";
				CONFIGURATION_TEMP_DIR = "$(OBJROOT)";
				COPY_PHASE_STRIP = NO;
				GCC_C_LANGUAGE_STANDARD = gnu99;
				GCC_ENABLE_FIX_AND_CONTINUE = YES;
				GCC_OPTIMIZATION_LEVEL = 0;
				GCC_PREPROCESSOR_DEFINITIONS = (
					"_CRT_SECURE_NO_WARNINGS",
					"_CRT_SECURE_NO_DEPRECATE",
					"_SCL_SECURE_NO_WARNINGS",
					"TIXML_USE_STL",
					"FREEGLUT_STATIC",
					"_LIB",
					"FREEGLUT_LIB_PRAGMAS=0",
					"DEBUG",
					"_DEBUG",
				);
				GCC_WARN_ABOUT_RETURN_TYPE = YES;
				GCC_WARN_UNUSED_VARIABLE = YES;
				HEADER_SEARCH_PATHS = (
					"../framework",
					"../glsdk/glload/include",
					"../glsdk/glimg/include",
					"../glsdk/glm",
					"../glsdk/glutil/include",
					"../glsdk/glmesh/include",
					"../glsdk/freeglut/include",
				);
				LIBRARY_SEARCH_PATHS = (
					"../glsdk/glload/lib",
					"../glsdk/glimg/lib",
					"../glsdk/glutil/lib",
					"../glsdk/glmesh/lib",
					"../glsdk/freeglut/lib",
				);
				OBJROOT = "obj/Debug/Tut 03 Shader Position Offset";
				ONLY_ACTIVE_ARCH = NO;
				OTHER_LDFLAGS = (
					"-lglloadD",
					"-lglimgD",
					"-lglutilD",
					"-lglmeshD",
					"-lfreeglutD",
				);
				PREBINDING = NO;
			};
			name = "Debug";
		};
		62BA372A3CC3442D160D4CCF /* Release */ = {
			isa = XCBuildConfiguration;
			buildSettings = {
				ARCHS = "$(NATIVE_ARCH_ACTUAL)";
				CONFIGURATION_TEMP_DIR = "$(OBJROOT)";
				GCC_C_LANGUAGE_STANDARD = gnu99;
				GCC_OPTIMIZATION_LEVEL = 3;
				GCC_PREPROCESSOR_DEFINITIONS = (
					"_CRT_SECURE_NO_WARNINGS",
					"_CRT_SECURE_NO_DEPRECATE",
					"_SCL_SECURE_NO_WARNINGS",
					"TIXML_USE_STL",
					"FREEGLUT_STATIC",
					"_LIB",
					"FREEGLUT_LIB_PRAGMAS=0",
					"RELEASE",
					"NDEBUG",
				);
				GCC_WARN_ABOUT_RETURN_TYPE = YES;
				GCC_WARN_UNUSED_VARIABLE = YES;
				HEADER_SEARCH_PATHS = (
					"../framework",
					"../glsdk/glload/include",
					"../glsdk/glimg/include",
					"../glsdk/glm",
					"../glsdk/glutil/include",
					"../glsdk/glmesh/include",
					"../glsdk/freeglut/include",
				);
				LIBRARY_SEARCH_PATHS = (
					"../glsdk/glload/lib",
					"../glsdk/glimg/lib",
					"../glsdk/glutil/lib",
					"../glsdk/glmesh/lib",
					"../glsdk/freeglut/lib",
				);
				OBJROOT = "obj/Release/Tut 03 Shader Position Offset";
				ONLY_ACTIVE_ARCH = NO;
				OTHER_CFLAGS = (
					"-fomit-frame-pointer",
				);
				OTHER_LDFLAGS = (
					"-lglload",
					"-lglimg",
					"-lglutil",
					"-lglmesh",
					"-lfreeglut",
				);
				PREBINDING = NO;
				WARNING_CFLAGS = "-Wall";
			};
			name = "Release";
		};
/* End XCBuildConfiguration section */

/* Begin XCConfigurationList section */
		6C08081E26B573231CE06B81 /* Build configuration list for PBXNativeTarget "Tut 03 Shader Position OffsetD" */ = {
			isa = XCConfigurationList;
			buildConfigurations = (
				63856FE00288366868404925 /* Debug */,
				4FEE411238A15E783B5D0718 /* Release */,
			);
			defaultConfigurationIsVisible = 0;
			defaultConfigurationName = "Debug";
		};
		1DEB928908733DD80010E9CD /* Build configuration list for PBXProject "Tut 03 Shader Position Offset" */ = {
			isa = XCConfigurationList;
			buildConfigurations = (
				22A73CC07048157A1A751927 /* Debug */,
				62BA372A3CC3442D160D4CCF /* Release */,
			);
			defaultConfigurationIsVisible = 0;
			defaultConfigurationName = "Debug";
		};
/* End XCConfigurationList section */

	};
	rootObject = 08FB7793FE84155DC02AAC07 /* Project object */;
}
