// !$*UTF8*$!
{
	archiveVersion = 1;
	classes = {
	};
	objectVersion = 46;
	objects = {

/* Begin PBXBuildFile section */
		392BE52A16F6943C00C47985 /* detail2.png in Resources */ = {isa = PBXBuildFile; fileRef = 392BE51D16F6943C00C47985 /* detail2.png */; };
		392BE52B16F6943C00C47985 /* grass.png in Resources */ = {isa = PBXBuildFile; fileRef = 392BE51E16F6943C00C47985 /* grass.png */; };
		392BE52C16F6943C00C47985 /* ground.fp in Resources */ = {isa = PBXBuildFile; fileRef = 392BE51F16F6943C00C47985 /* ground.fp */; };
		392BE52E16F6943C00C47985 /* ground.vp in Resources */ = {isa = PBXBuildFile; fileRef = 392BE52116F6943C00C47985 /* ground.vp */; };
		392BE52F16F6943C00C47985 /* marble.png in Resources */ = {isa = PBXBuildFile; fileRef = 392BE52216F6943C00C47985 /* marble.png */; };
		392BE53016F6943C00C47985 /* sh.fp in Resources */ = {isa = PBXBuildFile; fileRef = 392BE52316F6943C00C47985 /* sh.fp */; };
		392BE53116F6943C00C47985 /* sh.vp in Resources */ = {isa = PBXBuildFile; fileRef = 392BE52416F6943C00C47985 /* sh.vp */; };
		392BE53216F6943C00C47985 /* stones.png in Resources */ = {isa = PBXBuildFile; fileRef = 392BE52516F6943C00C47985 /* stones.png */; };
		392BE53316F6943C00C47985 /* stones0.iva in Resources */ = {isa = PBXBuildFile; fileRef = 392BE52616F6943C00C47985 /* stones0.iva */; };
		392BE53416F6943C00C47985 /* stones1.iva in Resources */ = {isa = PBXBuildFile; fileRef = 392BE52716F6943C00C47985 /* stones1.iva */; };
		392BE53516F6943C00C47985 /* stones2.iva in Resources */ = {isa = PBXBuildFile; fileRef = 392BE52816F6943C00C47985 /* stones2.iva */; };
		392BE53616F6943C00C47985 /* stonesbump.png in Resources */ = {isa = PBXBuildFile; fileRef = 392BE52916F6943C00C47985 /* stonesbump.png */; };
		392BE53B16F6946C00C47985 /* GLStonehenge.mm in Sources */ = {isa = PBXBuildFile; fileRef = 392BE53916F6946C00C47985 /* GLStonehenge.mm */; };
		39D33F7A16F5599A00A954C1 /* UIKit.framework in Frameworks */ = {isa = PBXBuildFile; fileRef = 39D33F7916F5599A00A954C1 /* UIKit.framework */; };
		39D33F7C16F5599A00A954C1 /* Foundation.framework in Frameworks */ = {isa = PBXBuildFile; fileRef = 39D33F7B16F5599A00A954C1 /* Foundation.framework */; };
		39D33F7E16F5599A00A954C1 /* CoreGraphics.framework in Frameworks */ = {isa = PBXBuildFile; fileRef = 39D33F7D16F5599A00A954C1 /* CoreGraphics.framework */; };
		39D33F8016F5599A00A954C1 /* GLKit.framework in Frameworks */ = {isa = PBXBuildFile; fileRef = 39D33F7F16F5599A00A954C1 /* GLKit.framework */; };
		39D33F8216F5599A00A954C1 /* OpenGLES.framework in Frameworks */ = {isa = PBXBuildFile; fileRef = 39D33F8116F5599A00A954C1 /* OpenGLES.framework */; };
		39D33F8816F5599B00A954C1 /* InfoPlist.strings in Resources */ = {isa = PBXBuildFile; fileRef = 39D33F8616F5599B00A954C1 /* InfoPlist.strings */; };
		39D33F8A16F5599B00A954C1 /* main.mm in Sources */ = {isa = PBXBuildFile; fileRef = 39D33F8916F5599B00A954C1 /* main.mm */; };
		39D33F8E16F5599B00A954C1 /* AppDelegate.mm in Sources */ = {isa = PBXBuildFile; fileRef = 39D33F8D16F5599B00A954C1 /* AppDelegate.mm */; };
		39D33F9016F5599B00A954C1 /* Default.png in Resources */ = {isa = PBXBuildFile; fileRef = 39D33F8F16F5599B00A954C1 /* Default.png */; };
		39D33F9216F5599B00A954C1 /* Default@2x.png in Resources */ = {isa = PBXBuildFile; fileRef = 39D33F9116F5599B00A954C1 /* Default@2x.png */; };
		39D33F9416F5599B00A954C1 /* Default-568h@2x.png in Resources */ = {isa = PBXBuildFile; fileRef = 39D33F9316F5599B00A954C1 /* Default-568h@2x.png */; };
		39D33F9616F5599B00A954C1 /* Shader.fsh in Resources */ = {isa = PBXBuildFile; fileRef = 39D33F9516F5599B00A954C1 /* Shader.fsh */; };
		39D33F9816F5599B00A954C1 /* Shader.vsh in Resources */ = {isa = PBXBuildFile; fileRef = 39D33F9716F5599B00A954C1 /* Shader.vsh */; };
		39D33F9B16F5599B00A954C1 /* ViewController.mm in Sources */ = {isa = PBXBuildFile; fileRef = 39D33F9A16F5599B00A954C1 /* ViewController.mm */; };
		39D33F9E16F5599B00A954C1 /* ViewController_iPhone.xib in Resources */ = {isa = PBXBuildFile; fileRef = 39D33F9C16F5599B00A954C1 /* ViewController_iPhone.xib */; };
		39D33FA116F5599B00A954C1 /* ViewController_iPad.xib in Resources */ = {isa = PBXBuildFile; fileRef = 39D33F9F16F5599B00A954C1 /* ViewController_iPad.xib */; };
/* End PBXBuildFile section */

/* Begin PBXFileReference section */
		392BE51D16F6943C00C47985 /* detail2.png */ = {isa = PBXFileReference; lastKnownFileType = image.png; name = detail2.png; path = ../StonehengeModelES/detail2.png; sourceTree = "<group>"; };
		392BE51E16F6943C00C47985 /* grass.png */ = {isa = PBXFileReference; lastKnownFileType = image.png; name = grass.png; path = ../StonehengeModelES/grass.png; sourceTree = "<group>"; };
		392BE51F16F6943C00C47985 /* ground.fp */ = {isa = PBXFileReference; fileEncoding = 4; lastKnownFileType = text; name = ground.fp; path = ../StonehengeModelES/ground.fp; sourceTree = "<group>"; };
		392BE52116F6943C00C47985 /* ground.vp */ = {isa = PBXFileReference; fileEncoding = 4; lastKnownFileType = text; name = ground.vp; path = ../StonehengeModelES/ground.vp; sourceTree = "<group>"; };
		392BE52216F6943C00C47985 /* marble.png */ = {isa = PBXFileReference; lastKnownFileType = image.png; name = marble.png; path = ../StonehengeModelES/marble.png; sourceTree = "<group>"; };
		392BE52316F6943C00C47985 /* sh.fp */ = {isa = PBXFileReference; fileEncoding = 4; lastKnownFileType = text; name = sh.fp; path = ../StonehengeModelES/sh.fp; sourceTree = "<group>"; };
		392BE52416F6943C00C47985 /* sh.vp */ = {isa = PBXFileReference; fileEncoding = 4; lastKnownFileType = text; name = sh.vp; path = ../StonehengeModelES/sh.vp; sourceTree = "<group>"; };
		392BE52516F6943C00C47985 /* stones.png */ = {isa = PBXFileReference; lastKnownFileType = image.png; name = stones.png; path = ../StonehengeModelES/stones.png; sourceTree = "<group>"; };
		392BE52616F6943C00C47985 /* stones0.iva */ = {isa = PBXFileReference; lastKnownFileType = file; name = stones0.iva; path = ../StonehengeModelES/stones0.iva; sourceTree = "<group>"; };
		392BE52716F6943C00C47985 /* stones1.iva */ = {isa = PBXFileReference; lastKnownFileType = file; name = stones1.iva; path = ../StonehengeModelES/stones1.iva; sourceTree = "<group>"; };
		392BE52816F6943C00C47985 /* stones2.iva */ = {isa = PBXFileReference; lastKnownFileType = file; name = stones2.iva; path = ../StonehengeModelES/stones2.iva; sourceTree = "<group>"; };
		392BE52916F6943C00C47985 /* stonesbump.png */ = {isa = PBXFileReference; lastKnownFileType = image.png; name = stonesbump.png; path = ../StonehengeModelES/stonesbump.png; sourceTree = "<group>"; };
		392BE53816F6946C00C47985 /* GLStonehenge.h */ = {isa = PBXFileReference; fileEncoding = 4; lastKnownFileType = sourcecode.c.h; name = GLStonehenge.h; path = ../StonehengeModelES/GLStonehenge.h; sourceTree = "<group>"; };
		392BE53916F6946C00C47985 /* GLStonehenge.mm */ = {isa = PBXFileReference; fileEncoding = 4; lastKnownFileType = sourcecode.cpp.objcpp; name = GLStonehenge.mm; path = ../StonehengeModelES/GLStonehenge.mm; sourceTree = "<group>"; };
		392BE53A16F6946C00C47985 /* StopWatch.h */ = {isa = PBXFileReference; fileEncoding = 4; lastKnownFileType = sourcecode.c.h; name = StopWatch.h; path = ../StonehengeModelES/StopWatch.h; sourceTree = "<group>"; };
		39D33F7616F5599A00A954C1 /* StonehengeES.app */ = {isa = PBXFileReference; explicitFileType = wrapper.application; includeInIndex = 0; path = StonehengeES.app; sourceTree = BUILT_PRODUCTS_DIR; };
		39D33F7916F5599A00A954C1 /* UIKit.framework */ = {isa = PBXFileReference; lastKnownFileType = wrapper.framework; name = UIKit.framework; path = System/Library/Frameworks/UIKit.framework; sourceTree = SDKROOT; };
		39D33F7B16F5599A00A954C1 /* Foundation.framework */ = {isa = PBXFileReference; lastKnownFileType = wrapper.framework; name = Foundation.framework; path = System/Library/Frameworks/Foundation.framework; sourceTree = SDKROOT; };
		39D33F7D16F5599A00A954C1 /* CoreGraphics.framework */ = {isa = PBXFileReference; lastKnownFileType = wrapper.framework; name = CoreGraphics.framework; path = System/Library/Frameworks/CoreGraphics.framework; sourceTree = SDKROOT; };
		39D33F7F16F5599A00A954C1 /* GLKit.framework */ = {isa = PBXFileReference; lastKnownFileType = wrapper.framework; name = GLKit.framework; path = System/Library/Frameworks/GLKit.framework; sourceTree = SDKROOT; };
		39D33F8116F5599A00A954C1 /* OpenGLES.framework */ = {isa = PBXFileReference; lastKnownFileType = wrapper.framework; name = OpenGLES.framework; path = System/Library/Frameworks/OpenGLES.framework; sourceTree = SDKROOT; };
		39D33F8516F5599B00A954C1 /* StonehengeES-Info.plist */ = {isa = PBXFileReference; lastKnownFileType = text.plist.xml; path = "StonehengeES-Info.plist"; sourceTree = "<group>"; };
		39D33F8716F5599B00A954C1 /* en */ = {isa = PBXFileReference; lastKnownFileType = text.plist.strings; name = en; path = en.lproj/InfoPlist.strings; sourceTree = "<group>"; };
		39D33F8916F5599B00A954C1 /* main.mm */ = {isa = PBXFileReference; lastKnownFileType = sourcecode.cpp.objcpp; path = main.mm; sourceTree = "<group>"; };
		39D33F8B16F5599B00A954C1 /* StonehengeES-Prefix.pch */ = {isa = PBXFileReference; lastKnownFileType = sourcecode.c.h; path = "StonehengeES-Prefix.pch"; sourceTree = "<group>"; };
		39D33F8C16F5599B00A954C1 /* AppDelegate.h */ = {isa = PBXFileReference; lastKnownFileType = sourcecode.c.h; path = AppDelegate.h; sourceTree = "<group>"; };
		39D33F8D16F5599B00A954C1 /* AppDelegate.mm */ = {isa = PBXFileReference; lastKnownFileType = sourcecode.cpp.objcpp; path = AppDelegate.mm; sourceTree = "<group>"; };
		39D33F8F16F5599B00A954C1 /* Default.png */ = {isa = PBXFileReference; lastKnownFileType = image.png; path = Default.png; sourceTree = "<group>"; };
		39D33F9116F5599B00A954C1 /* Default@2x.png */ = {isa = PBXFileReference; lastKnownFileType = image.png; path = "Default@2x.png"; sourceTree = "<group>"; };
		39D33F9316F5599B00A954C1 /* Default-568h@2x.png */ = {isa = PBXFileReference; lastKnownFileType = image.png; path = "Default-568h@2x.png"; sourceTree = "<group>"; };
		39D33F9516F5599B00A954C1 /* Shader.fsh */ = {isa = PBXFileReference; lastKnownFileType = sourcecode.glsl; name = Shader.fsh; path = Shaders/Shader.fsh; sourceTree = "<group>"; };
		39D33F9716F5599B00A954C1 /* Shader.vsh */ = {isa = PBXFileReference; lastKnownFileType = sourcecode.glsl; name = Shader.vsh; path = Shaders/Shader.vsh; sourceTree = "<group>"; };
		39D33F9916F5599B00A954C1 /* ViewController.h */ = {isa = PBXFileReference; lastKnownFileType = sourcecode.c.h; path = ViewController.h; sourceTree = "<group>"; };
		39D33F9A16F5599B00A954C1 /* ViewController.mm */ = {isa = PBXFileReference; lastKnownFileType = sourcecode.cpp.objcpp; path = ViewController.mm; sourceTree = "<group>"; };
		39D33F9D16F5599B00A954C1 /* en */ = {isa = PBXFileReference; lastKnownFileType = file.xib; name = en; path = en.lproj/ViewController_iPhone.xib; sourceTree = "<group>"; };
		39D33FA016F5599B00A954C1 /* en */ = {isa = PBXFileReference; lastKnownFileType = file.xib; name = en; path = en.lproj/ViewController_iPad.xib; sourceTree = "<group>"; };
/* End PBXFileReference section */

/* Begin PBXFrameworksBuildPhase section */
		39D33F7316F5599A00A954C1 /* Frameworks */ = {
			isa = PBXFrameworksBuildPhase;
			buildActionMask = 2147483647;
			files = (
				39D33F7A16F5599A00A954C1 /* UIKit.framework in Frameworks */,
				39D33F7C16F5599A00A954C1 /* Foundation.framework in Frameworks */,
				39D33F7E16F5599A00A954C1 /* CoreGraphics.framework in Frameworks */,
				39D33F8016F5599A00A954C1 /* GLKit.framework in Frameworks */,
				39D33F8216F5599A00A954C1 /* OpenGLES.framework in Frameworks */,
			);
			runOnlyForDeploymentPostprocessing = 0;
		};
/* End PBXFrameworksBuildPhase section */

/* Begin PBXGroup section */
		392BE51C16F6940000C47985 /* Resources */ = {
			isa = PBXGroup;
			children = (
				392BE51D16F6943C00C47985 /* detail2.png */,
				392BE51E16F6943C00C47985 /* grass.png */,
				392BE51F16F6943C00C47985 /* ground.fp */,
				392BE52116F6943C00C47985 /* ground.vp */,
				392BE52216F6943C00C47985 /* marble.png */,
				392BE52316F6943C00C47985 /* sh.fp */,
				392BE52416F6943C00C47985 /* sh.vp */,
				392BE52516F6943C00C47985 /* stones.png */,
				392BE52616F6943C00C47985 /* stones0.iva */,
				392BE52716F6943C00C47985 /* stones1.iva */,
				392BE52816F6943C00C47985 /* stones2.iva */,
				392BE52916F6943C00C47985 /* stonesbump.png */,
			);
			name = Resources;
			sourceTree = "<group>";
		};
		392BE53716F6944400C47985 /* StonehengeCode */ = {
			isa = PBXGroup;
			children = (
				392BE53816F6946C00C47985 /* GLStonehenge.h */,
				392BE53916F6946C00C47985 /* GLStonehenge.mm */,
				392BE53A16F6946C00C47985 /* StopWatch.h */,
			);
			name = StonehengeCode;
			sourceTree = "<group>";
		};
		39D33F6D16F5599A00A954C1 = {
			isa = PBXGroup;
			children = (
				392BE51C16F6940000C47985 /* Resources */,
				392BE53716F6944400C47985 /* StonehengeCode */,
				39D33F8316F5599A00A954C1 /* StonehengeES */,
				39D33F7816F5599A00A954C1 /* Frameworks */,
				39D33F7716F5599A00A954C1 /* Products */,
			);
			sourceTree = "<group>";
		};
		39D33F7716F5599A00A954C1 /* Products */ = {
			isa = PBXGroup;
			children = (
				39D33F7616F5599A00A954C1 /* StonehengeES.app */,
			);
			name = Products;
			sourceTree = "<group>";
		};
		39D33F7816F5599A00A954C1 /* Frameworks */ = {
			isa = PBXGroup;
			children = (
				39D33F7916F5599A00A954C1 /* UIKit.framework */,
				39D33F7B16F5599A00A954C1 /* Foundation.framework */,
				39D33F7D16F5599A00A954C1 /* CoreGraphics.framework */,
				39D33F7F16F5599A00A954C1 /* GLKit.framework */,
				39D33F8116F5599A00A954C1 /* OpenGLES.framework */,
			);
			name = Frameworks;
			sourceTree = "<group>";
		};
		39D33F8316F5599A00A954C1 /* StonehengeES */ = {
			isa = PBXGroup;
			children = (
				39D33F8C16F5599B00A954C1 /* AppDelegate.h */,
				39D33F8D16F5599B00A954C1 /* AppDelegate.mm */,
				39D33F9516F5599B00A954C1 /* Shader.fsh */,
				39D33F9716F5599B00A954C1 /* Shader.vsh */,
				39D33F9916F5599B00A954C1 /* ViewController.h */,
				39D33F9A16F5599B00A954C1 /* ViewController.mm */,
				39D33F9C16F5599B00A954C1 /* ViewController_iPhone.xib */,
				39D33F9F16F5599B00A954C1 /* ViewController_iPad.xib */,
				39D33F8416F5599B00A954C1 /* Supporting Files */,
			);
			path = StonehengeES;
			sourceTree = "<group>";
		};
		39D33F8416F5599B00A954C1 /* Supporting Files */ = {
			isa = PBXGroup;
			children = (
				39D33F8516F5599B00A954C1 /* StonehengeES-Info.plist */,
				39D33F8616F5599B00A954C1 /* InfoPlist.strings */,
				39D33F8916F5599B00A954C1 /* main.mm */,
				39D33F8B16F5599B00A954C1 /* StonehengeES-Prefix.pch */,
				39D33F8F16F5599B00A954C1 /* Default.png */,
				39D33F9116F5599B00A954C1 /* Default@2x.png */,
				39D33F9316F5599B00A954C1 /* Default-568h@2x.png */,
			);
			name = "Supporting Files";
			sourceTree = "<group>";
		};
/* End PBXGroup section */

/* Begin PBXNativeTarget section */
		39D33F7516F5599A00A954C1 /* StonehengeES */ = {
			isa = PBXNativeTarget;
			buildConfigurationList = 39D33FA416F5599B00A954C1 /* Build configuration list for PBXNativeTarget "StonehengeES" */;
			buildPhases = (
				39D33F7216F5599A00A954C1 /* Sources */,
				39D33F7316F5599A00A954C1 /* Frameworks */,
				39D33F7416F5599A00A954C1 /* Resources */,
			);
			buildRules = (
			);
			dependencies = (
			);
			name = StonehengeES;
			productName = StonehengeES;
			productReference = 39D33F7616F5599A00A954C1 /* StonehengeES.app */;
			productType = "com.apple.product-type.application";
		};
/* End PBXNativeTarget section */

/* Begin PBXProject section */
		39D33F6E16F5599A00A954C1 /* Project object */ = {
			isa = PBXProject;
			attributes = {
				LastUpgradeCheck = 0460;
				ORGANIZATIONNAME = "Richard Wright";
			};
			buildConfigurationList = 39D33F7116F5599A00A954C1 /* Build configuration list for PBXProject "StonehengeES" */;
			compatibilityVersion = "Xcode 3.2";
			developmentRegion = English;
			hasScannedForEncodings = 0;
			knownRegions = (
				en,
			);
			mainGroup = 39D33F6D16F5599A00A954C1;
			productRefGroup = 39D33F7716F5599A00A954C1 /* Products */;
			projectDirPath = "";
			projectRoot = "";
			targets = (
				39D33F7516F5599A00A954C1 /* StonehengeES */,
			);
		};
/* End PBXProject section */

/* Begin PBXResourcesBuildPhase section */
		39D33F7416F5599A00A954C1 /* Resources */ = {
			isa = PBXResourcesBuildPhase;
			buildActionMask = 2147483647;
			files = (
				39D33F8816F5599B00A954C1 /* InfoPlist.strings in Resources */,
				39D33F9016F5599B00A954C1 /* Default.png in Resources */,
				39D33F9216F5599B00A954C1 /* Default@2x.png in Resources */,
				39D33F9416F5599B00A954C1 /* Default-568h@2x.png in Resources */,
				39D33F9616F5599B00A954C1 /* Shader.fsh in Resources */,
				39D33F9816F5599B00A954C1 /* Shader.vsh in Resources */,
				39D33F9E16F5599B00A954C1 /* ViewController_iPhone.xib in Resources */,
				39D33FA116F5599B00A954C1 /* ViewController_iPad.xib in Resources */,
				392BE52A16F6943C00C47985 /* detail2.png in Resources */,
				392BE52B16F6943C00C47985 /* grass.png in Resources */,
				392BE52C16F6943C00C47985 /* ground.fp in Resources */,
				392BE52E16F6943C00C47985 /* ground.vp in Resources */,
				392BE52F16F6943C00C47985 /* marble.png in Resources */,
				392BE53016F6943C00C47985 /* sh.fp in Resources */,
				392BE53116F6943C00C47985 /* sh.vp in Resources */,
				392BE53216F6943C00C47985 /* stones.png in Resources */,
				392BE53316F6943C00C47985 /* stones0.iva in Resources */,
				392BE53416F6943C00C47985 /* stones1.iva in Resources */,
				392BE53516F6943C00C47985 /* stones2.iva in Resources */,
				392BE53616F6943C00C47985 /* stonesbump.png in Resources */,
			);
			runOnlyForDeploymentPostprocessing = 0;
		};
/* End PBXResourcesBuildPhase section */

/* Begin PBXSourcesBuildPhase section */
		39D33F7216F5599A00A954C1 /* Sources */ = {
			isa = PBXSourcesBuildPhase;
			buildActionMask = 2147483647;
			files = (
				39D33F8A16F5599B00A954C1 /* main.mm in Sources */,
				39D33F8E16F5599B00A954C1 /* AppDelegate.mm in Sources */,
				39D33F9B16F5599B00A954C1 /* ViewController.mm in Sources */,
				392BE53B16F6946C00C47985 /* GLStonehenge.mm in Sources */,
			);
			runOnlyForDeploymentPostprocessing = 0;
		};
/* End PBXSourcesBuildPhase section */

/* Begin PBXVariantGroup section */
		39D33F8616F5599B00A954C1 /* InfoPlist.strings */ = {
			isa = PBXVariantGroup;
			children = (
				39D33F8716F5599B00A954C1 /* en */,
			);
			name = InfoPlist.strings;
			sourceTree = "<group>";
		};
		39D33F9C16F5599B00A954C1 /* ViewController_iPhone.xib */ = {
			isa = PBXVariantGroup;
			children = (
				39D33F9D16F5599B00A954C1 /* en */,
			);
			name = ViewController_iPhone.xib;
			sourceTree = "<group>";
		};
		39D33F9F16F5599B00A954C1 /* ViewController_iPad.xib */ = {
			isa = PBXVariantGroup;
			children = (
				39D33FA016F5599B00A954C1 /* en */,
			);
			name = ViewController_iPad.xib;
			sourceTree = "<group>";
		};
/* End PBXVariantGroup section */

/* Begin XCBuildConfiguration section */
		39D33FA216F5599B00A954C1 /* Debug */ = {
			isa = XCBuildConfiguration;
			buildSettings = {
				ALWAYS_SEARCH_USER_PATHS = NO;
				CLANG_CXX_LANGUAGE_STANDARD = "gnu++0x";
				CLANG_CXX_LIBRARY = "libc++";
				CLANG_WARN_CONSTANT_CONVERSION = YES;
				CLANG_WARN_EMPTY_BODY = YES;
				CLANG_WARN_ENUM_CONVERSION = YES;
				CLANG_WARN_INT_CONVERSION = YES;
				CLANG_WARN__DUPLICATE_METHOD_MATCH = YES;
				"CODE_SIGN_IDENTITY[sdk=iphoneos*]" = "iPhone Developer";
				COPY_PHASE_STRIP = NO;
				GCC_C_LANGUAGE_STANDARD = gnu99;
				GCC_DYNAMIC_NO_PIC = NO;
				GCC_OPTIMIZATION_LEVEL = 0;
				GCC_PREPROCESSOR_DEFINITIONS = (
					"DEBUG=1",
					"$(inherited)",
				);
				GCC_SYMBOLS_PRIVATE_EXTERN = NO;
				GCC_WARN_ABOUT_RETURN_TYPE = YES;
				GCC_WARN_UNINITIALIZED_AUTOS = YES;
				GCC_WARN_UNUSED_VARIABLE = YES;
				IPHONEOS_DEPLOYMENT_TARGET = 6.1;
				ONLY_ACTIVE_ARCH = YES;
				SDKROOT = iphoneos;
				TARGETED_DEVICE_FAMILY = "1,2";
			};
			name = Debug;
		};
		39D33FA316F5599B00A954C1 /* Release */ = {
			isa = XCBuildConfiguration;
			buildSettings = {
				ALWAYS_SEARCH_USER_PATHS = NO;
				CLANG_CXX_LANGUAGE_STANDARD = "gnu++0x";
				CLANG_CXX_LIBRARY = "libc++";
				CLANG_WARN_CONSTANT_CONVERSION = YES;
				CLANG_WARN_EMPTY_BODY = YES;
				CLANG_WARN_ENUM_CONVERSION = YES;
				CLANG_WARN_INT_CONVERSION = YES;
				CLANG_WARN__DUPLICATE_METHOD_MATCH = YES;
				"CODE_SIGN_IDENTITY[sdk=iphoneos*]" = "iPhone Developer";
				COPY_PHASE_STRIP = YES;
				GCC_C_LANGUAGE_STANDARD = gnu99;
				GCC_WARN_ABOUT_RETURN_TYPE = YES;
				GCC_WARN_UNINITIALIZED_AUTOS = YES;
				GCC_WARN_UNUSED_VARIABLE = YES;
				IPHONEOS_DEPLOYMENT_TARGET = 6.1;
				OTHER_CFLAGS = "-DNS_BLOCK_ASSERTIONS=1";
				SDKROOT = iphoneos;
				TARGETED_DEVICE_FAMILY = "1,2";
				VALIDATE_PRODUCT = YES;
			};
			name = Release;
		};
		39D33FA516F5599B00A954C1 /* Debug */ = {
			isa = XCBuildConfiguration;
			buildSettings = {
				GCC_PRECOMPILE_PREFIX_HEADER = YES;
				GCC_PREFIX_HEADER = "StonehengeES/StonehengeES-Prefix.pch";
				INFOPLIST_FILE = "StonehengeES/StonehengeES-Info.plist";
				PRODUCT_NAME = "$(TARGET_NAME)";
				WRAPPER_EXTENSION = app;
			};
			name = Debug;
		};
		39D33FA616F5599B00A954C1 /* Release */ = {
			isa = XCBuildConfiguration;
			buildSettings = {
				GCC_PRECOMPILE_PREFIX_HEADER = YES;
				GCC_PREFIX_HEADER = "StonehengeES/StonehengeES-Prefix.pch";
				INFOPLIST_FILE = "StonehengeES/StonehengeES-Info.plist";
				PRODUCT_NAME = "$(TARGET_NAME)";
				WRAPPER_EXTENSION = app;
			};
			name = Release;
		};
/* End XCBuildConfiguration section */

/* Begin XCConfigurationList section */
		39D33F7116F5599A00A954C1 /* Build configuration list for PBXProject "StonehengeES" */ = {
			isa = XCConfigurationList;
			buildConfigurations = (
				39D33FA216F5599B00A954C1 /* Debug */,
				39D33FA316F5599B00A954C1 /* Release */,
			);
			defaultConfigurationIsVisible = 0;
			defaultConfigurationName = Release;
		};
		39D33FA416F5599B00A954C1 /* Build configuration list for PBXNativeTarget "StonehengeES" */ = {
			isa = XCConfigurationList;
			buildConfigurations = (
				39D33FA516F5599B00A954C1 /* Debug */,
				39D33FA616F5599B00A954C1 /* Release */,
			);
			defaultConfigurationIsVisible = 0;
			defaultConfigurationName = Release;
		};
/* End XCConfigurationList section */
	};
	rootObject = 39D33F6E16F5599A00A954C1 /* Project object */;
}
