// !$*UTF8*$!
{
	archiveVersion = 1;
	classes = {
	};
	objectVersion = 45;
	objects = {

/* Begin PBXBuildFile section */
		3CD152940088726E4DE302E7 /* Gamma Landscape.cpp in Sources */ = {isa = PBXBuildFile; fileRef = 1602185C424F07D774DB7735 /* Gamma Landscape.cpp */; };
		5FBC4CC278EA55B97B6C2D78 /* LightEnv.cpp in Sources */ = {isa = PBXBuildFile; fileRef = 1E45737F27D754B07DFD1BBE /* LightEnv.cpp */; };
		789F2208666A74166DB87987 /* libframeworkD.a in Frameworks */ = {isa = PBXBuildFile; fileRef = 713C29BD679A4609248F40FA /* libframeworkD.a */; };
/* End PBXBuildFile section */

/* Begin PBXContainerItemProxy section */
		7F350B1729DC5F0E165C2822 /* PBXContainerItemProxy */ = {
			isa = PBXContainerItemProxy;
			containerPortal = 30E263BB4180745048CF158D /* framework.xcodeproj */;
			proxyType = 2;
			remoteGlobalIDString = 225B3CC936837713028E539B;
			remoteInfo = "libframeworkD.a";
		};
		6FFD5D5E5953023E3F482590 /* PBXContainerItemProxy */ = {
			isa = PBXContainerItemProxy;
			containerPortal = 30E263BB4180745048CF158D /* framework.xcodeproj */;
			proxyType = 1;
			remoteGlobalIDString = 78AF4B3262FD74AB44764885;
			remoteInfo = "libframeworkD.a";
		};
/* End PBXContainerItemProxy section */

/* Begin PBXFileReference section */
		1602185C424F07D774DB7735 /* Gamma Landscape.cpp */ = {isa = PBXFileReference; lastKnownFileType = sourcecode.cpp.cpp; name = "Gamma Landscape.cpp"; path = "Gamma Landscape.cpp"; sourceTree = "<group>"; };
		1E45737F27D754B07DFD1BBE /* LightEnv.cpp */ = {isa = PBXFileReference; lastKnownFileType = sourcecode.cpp.cpp; name = "LightEnv.cpp"; path = "LightEnv.cpp"; sourceTree = "<group>"; };
		36214C32214B612370FC3CF6 /* LightEnv.h */ = {isa = PBXFileReference; lastKnownFileType = sourcecode.c.h; name = "LightEnv.h"; path = "LightEnv.h"; sourceTree = "<group>"; };
		79E80F667FB60BC7674D18CB /* PNT.vert */ = {isa = PBXFileReference; lastKnownFileType = text; name = "PNT.vert"; path = "PNT.vert"; sourceTree = "<group>"; };
		4B7035DB57EE5ABF4CF454EC /* litGamma.frag */ = {isa = PBXFileReference; lastKnownFileType = text; name = "litGamma.frag"; path = "litGamma.frag"; sourceTree = "<group>"; };
		6E2A245779EB664F66530D07 /* litNoGamma.frag */ = {isa = PBXFileReference; lastKnownFileType = text; name = "litNoGamma.frag"; path = "litNoGamma.frag"; sourceTree = "<group>"; };
		708F72035E5663A77DF455A6 /* Tut 16 Gamma LandscapeD */ = {isa = PBXFileReference; explicitFileType = "compiled.mach-o.executable"; includeInIndex = 0; name = "Tut 16 Gamma LandscapeD"; path = "Tut 16 Gamma LandscapeD"; sourceTree = BUILT_PRODUCTS_DIR; };
		30E263BB4180745048CF158D /* framework.xcodeproj */ = {isa = PBXFileReference; lastKnownFileType = "wrapper.pb-project"; name = "framework.xcodeproj"; path = "../framework/framework.xcodeproj"; sourceTree = SOURCE_ROOT; };
/* End PBXFileReference section */

/* Begin PBXFrameworksBuildPhase section */
		2C5945FB13DA70191F5B1682 /* Frameworks */ = {
			isa = PBXFrameworksBuildPhase;
			buildActionMask = 2147483647;
			files = (
				789F2208666A74166DB87987 /* libframeworkD.a in Frameworks */,
			);
			runOnlyForDeploymentPostprocessing = 0;
		};
/* End PBXFrameworksBuildPhase section */

/* Begin PBXGroup section */
		4A3367BC02884DAD48CE04F3 /* Tut 16 Gamma Landscape */ = {
			isa = PBXGroup;
			children = (
				1602185C424F07D774DB7735 /* Gamma Landscape.cpp */,
				1E45737F27D754B07DFD1BBE /* LightEnv.cpp */,
				36214C32214B612370FC3CF6 /* LightEnv.h */,
				7B3C38164F7121A509AD5C6E /* data */,
				028A5FE473A9737D4470155D /* Products */,
				22532E9C20A223CA5A8B7641 /* Projects */,
			);
			name = "Tut 16 Gamma Landscape";
			sourceTree = "<group>";
		};
		7B3C38164F7121A509AD5C6E /* data */ = {
			isa = PBXGroup;
			children = (
				79E80F667FB60BC7674D18CB /* PNT.vert */,
				4B7035DB57EE5ABF4CF454EC /* litGamma.frag */,
				6E2A245779EB664F66530D07 /* litNoGamma.frag */,
			);
			name = "data";
			path = data;
			sourceTree = "<group>";
		};
		028A5FE473A9737D4470155D /* Products */ = {
			isa = PBXGroup;
			children = (
				708F72035E5663A77DF455A6 /* Tut 16 Gamma LandscapeD */,
			);
			name = "Products";
			sourceTree = "<group>";
		};
		22532E9C20A223CA5A8B7641 /* Projects */ = {
			isa = PBXGroup;
			children = (
				30E263BB4180745048CF158D /* framework.xcodeproj */,
			);
			name = "Projects";
			sourceTree = "<group>";
		};
		2789375809FC11C00AC46D95 /* Products */ = {
			isa = PBXGroup;
			children = (
				713C29BD679A4609248F40FA /* libframeworkD.a */,
			);
			name = Products;
			sourceTree = "<group>";
		};
/* End PBXGroup section */

/* Begin PBXNativeTarget section */
		227568641EC333F729054820 /* Tut 16 Gamma Landscape */ = {
			isa = PBXNativeTarget;
			buildConfigurationList = 10C268547C91239746856614 /* Build configuration list for PBXNativeTarget "Tut 16 Gamma Landscape" */;
			buildPhases = (
				320161403A464D031D1B17E8 /* Resources */,
				147045D32CF5246227F0338D /* Sources */,
				2C5945FB13DA70191F5B1682 /* Frameworks */,
			);
			buildRules = (
			);
			dependencies = (
				21F61DDF339A66963F4963BA /* PBXTargetDependency */,
			);
			name = "Tut 16 Gamma Landscape";
			productInstallPath = "$(HOME)/bin";
			productName = "Tut 16 Gamma Landscape";
			productReference = 708F72035E5663A77DF455A6 /* Tut 16 Gamma LandscapeD */;
			productType = "com.apple.product-type.tool";
		};
/* End PBXNativeTarget section */

/* Begin PBXProject section */
		08FB7793FE84155DC02AAC07 /* Project object */ = {
			isa = PBXProject;
			buildConfigurationList = 1DEB928908733DD80010E9CD /* Build configuration list for PBXProject "Tut 16 Gamma Landscape" */;
			compatibilityVersion = "Xcode 3.1";
			hasScannedForEncodings = 1;
			mainGroup = 4A3367BC02884DAD48CE04F3 /* Tut 16 Gamma Landscape */;
			projectDirPath = "";
			projectReferences = (
				{
					ProductGroup = 2789375809FC11C00AC46D95 /* Products */;
					ProjectRef = 30E263BB4180745048CF158D /* framework.xcodeproj */;
				},
			);
			projectRoot = "";
			targets = (
				227568641EC333F729054820 /* Tut 16 Gamma LandscapeD */,
			);
		};
/* End PBXProject section */

/* Begin PBXReferenceProxy section */
		713C29BD679A4609248F40FA /* libframeworkD.a */ = {
			isa = PBXReferenceProxy;
			fileType = archive.ar;
			path = "lib/libframeworkD.a";
			remoteRef = 7F350B1729DC5F0E165C2822 /* PBXContainerItemProxy */;
			sourceTree = BUILT_PRODUCTS_DIR;
		};
/* End PBXReferenceProxy section */

/* Begin PBXResourcesBuildPhase section */
		320161403A464D031D1B17E8 /* Resources */ = {
			isa = PBXResourcesBuildPhase;
			buildActionMask = 2147483647;
			files = (
			);
			runOnlyForDeploymentPostprocessing = 0;
		};
/* End PBXResourcesBuildPhase section */

/* Begin PBXSourcesBuildPhase section */
		147045D32CF5246227F0338D /* Sources */ = {
			isa = PBXSourcesBuildPhase;
			buildActionMask = 2147483647;
			files = (
				3CD152940088726E4DE302E7 /* Gamma Landscape.cpp in Sources */,
				5FBC4CC278EA55B97B6C2D78 /* LightEnv.cpp in Sources */,
			);
			runOnlyForDeploymentPostprocessing = 0;
		};
/* End PBXSourcesBuildPhase section */

/* Begin PBXVariantGroup section */
/* End PBXVariantGroup section */

/* Begin PBXTargetDependency section */
		21F61DDF339A66963F4963BA /* PBXTargetDependency */ = {
			isa = PBXTargetDependency;
			name = "libframeworkD.a";
			targetProxy = 6FFD5D5E5953023E3F482590 /* PBXContainerItemProxy */;
		};
/* End PBXTargetDependency section */

/* Begin XCBuildConfiguration section */
		102377491A4D43C957301425 /* Debug */ = {
			isa = XCBuildConfiguration;
			buildSettings = {
				ALWAYS_SEARCH_USER_PATHS = NO;
				GCC_DYNAMIC_NO_PIC = NO;
				GCC_MODEL_TUNING = G5;
				INSTALL_PATH = /usr/local/bin;
				PRODUCT_NAME = "Tut 16 Gamma LandscapeD";
			};
			name = "Debug";
		};
		40FA044F6492588D427A0F55 /* Release */ = {
			isa = XCBuildConfiguration;
			buildSettings = {
				ALWAYS_SEARCH_USER_PATHS = NO;
				DEBUG_INFORMATION_FORMAT = "dwarf-with-dsym";
				GCC_DYNAMIC_NO_PIC = NO;
				GCC_MODEL_TUNING = G5;
				INSTALL_PATH = /usr/local/bin;
				PRODUCT_NAME = "Tut 16 Gamma Landscape";
			};
			name = "Release";
		};
		108E01EE60F72FAA53022DA5 /* Debug */ = {
			isa = XCBuildConfiguration;
			buildSettings = {
				ARCHS = "$(NATIVE_ARCH_ACTUAL)";
				CONFIGURATION_TEMP_DIR = "$(OBJROOT)";
				COPY_PHASE_STRIP = NO;
				GCC_C_LANGUAGE_STANDARD = gnu99;
				GCC_ENABLE_FIX_AND_CONTINUE = YES;
				GCC_OPTIMIZATION_LEVEL = 0;
				GCC_PREPROCESSOR_DEFINITIONS = (
					"_CRT_SECURE_NO_WARNINGS",
					"_CRT_SECURE_NO_DEPRECATE",
					"_SCL_SECURE_NO_WARNINGS",
					"TIXML_USE_STL",
					"FREEGLUT_STATIC",
					"_LIB",
					"FREEGLUT_LIB_PRAGMAS=0",
					"DEBUG",
					"_DEBUG",
				);
				GCC_WARN_ABOUT_RETURN_TYPE = YES;
				GCC_WARN_UNUSED_VARIABLE = YES;
				HEADER_SEARCH_PATHS = (
					"../framework",
					"../glsdk/glload/include",
					"../glsdk/glimg/include",
					"../glsdk/glm",
					"../glsdk/glutil/include",
					"../glsdk/glmesh/include",
					"../glsdk/freeglut/include",
				);
				LIBRARY_SEARCH_PATHS = (
					"../glsdk/glload/lib",
					"../glsdk/glimg/lib",
					"../glsdk/glutil/lib",
					"../glsdk/glmesh/lib",
					"../glsdk/freeglut/lib",
				);
				OBJROOT = "obj/Debug/Tut 16 Gamma Landscape";
				ONLY_ACTIVE_ARCH = NO;
				OTHER_LDFLAGS = (
					"-lglloadD",
					"-lglimgD",
					"-lglutilD",
					"-lglmeshD",
					"-lfreeglutD",
				);
				PREBINDING = NO;
			};
			name = "Debug";
		};
		29E57A0A39B5529133E43E3B /* Release */ = {
			isa = XCBuildConfiguration;
			buildSettings = {
				ARCHS = "$(NATIVE_ARCH_ACTUAL)";
				CONFIGURATION_TEMP_DIR = "$(OBJROOT)";
				GCC_C_LANGUAGE_STANDARD = gnu99;
				GCC_OPTIMIZATION_LEVEL = 3;
				GCC_PREPROCESSOR_DEFINITIONS = (
					"_CRT_SECURE_NO_WARNINGS",
					"_CRT_SECURE_NO_DEPRECATE",
					"_SCL_SECURE_NO_WARNINGS",
					"TIXML_USE_STL",
					"FREEGLUT_STATIC",
					"_LIB",
					"FREEGLUT_LIB_PRAGMAS=0",
					"RELEASE",
					"NDEBUG",
				);
				GCC_WARN_ABOUT_RETURN_TYPE = YES;
				GCC_WARN_UNUSED_VARIABLE = YES;
				HEADER_SEARCH_PATHS = (
					"../framework",
					"../glsdk/glload/include",
					"../glsdk/glimg/include",
					"../glsdk/glm",
					"../glsdk/glutil/include",
					"../glsdk/glmesh/include",
					"../glsdk/freeglut/include",
				);
				LIBRARY_SEARCH_PATHS = (
					"../glsdk/glload/lib",
					"../glsdk/glimg/lib",
					"../glsdk/glutil/lib",
					"../glsdk/glmesh/lib",
					"../glsdk/freeglut/lib",
				);
				OBJROOT = "obj/Release/Tut 16 Gamma Landscape";
				ONLY_ACTIVE_ARCH = NO;
				OTHER_CFLAGS = (
					"-fomit-frame-pointer",
				);
				OTHER_LDFLAGS = (
					"-lglload",
					"-lglimg",
					"-lglutil",
					"-lglmesh",
					"-lfreeglut",
				);
				PREBINDING = NO;
				WARNING_CFLAGS = "-Wall";
			};
			name = "Release";
		};
/* End XCBuildConfiguration section */

/* Begin XCConfigurationList section */
		10C268547C91239746856614 /* Build configuration list for PBXNativeTarget "Tut 16 Gamma LandscapeD" */ = {
			isa = XCConfigurationList;
			buildConfigurations = (
				102377491A4D43C957301425 /* Debug */,
				40FA044F6492588D427A0F55 /* Release */,
			);
			defaultConfigurationIsVisible = 0;
			defaultConfigurationName = "Debug";
		};
		1DEB928908733DD80010E9CD /* Build configuration list for PBXProject "Tut 16 Gamma Landscape" */ = {
			isa = XCConfigurationList;
			buildConfigurations = (
				108E01EE60F72FAA53022DA5 /* Debug */,
				29E57A0A39B5529133E43E3B /* Release */,
			);
			defaultConfigurationIsVisible = 0;
			defaultConfigurationName = "Debug";
		};
/* End XCConfigurationList section */

	};
	rootObject = 08FB7793FE84155DC02AAC07 /* Project object */;
}
